<?xml version="1.0" encoding="utf-8"?>
<Project ToolsVersion="4.0" xmlns="http://schemas.microsoft.com/developer/msbuild/2003">
  <ItemGroup>
    <Filter Include="Source Files">
      <UniqueIdentifier>{4FC737F1-C7A5-4376-A066-2A32D752A2FF}</UniqueIdentifier>
      <Extensions>cpp;c;cc;cxx;def;odl;idl;hpj;bat;asm;asmx</Extensions>
    </Filter>
    <Filter Include="Source Files\image">
      <UniqueIdentifier>{38b378a0-ddc4-439e-b5a2-62729fb8b975}</UniqueIdentifier>
    </Filter>
    <Filter Include="Source Files\image\decode">
      <UniqueIdentifier>{0c71fa48-a78b-453f-8408-23d085d5e7f0}</UniqueIdentifier>
    </Filter>
    <Filter Include="Source Files\image\encode">
      <UniqueIdentifier>{34272a38-089d-4083-aca9-fafb836984f0}</UniqueIdentifier>
    </Filter>
    <Filter Include="Source Files\image\sys">
      <UniqueIdentifier>{2e7a9f37-097f-4d06-80e8-b476dc9da8cb}</UniqueIdentifier>
    </Filter>
    <Filter Include="Source Files\jxrgluelib">
      <UniqueIdentifier>{f4576ea6-fb9c-4547-bad4-ed19bb39567a}</UniqueIdentifier>
    </Filter>
    <Filter Include="Header Files">
      <UniqueIdentifier>{93995380-89BD-4b04-88EB-625FBE52EBFB}</UniqueIdentifier>
      <Extensions>h;hpp;hxx;hm;inl;inc;xsd</Extensions>
    </Filter>
    <Filter Include="Header Files\image">
      <UniqueIdentifier>{46df5c76-e8f0-4b48-b50a-4e288fa294df}</UniqueIdentifier>
    </Filter>
    <Filter Include="Header Files\image\decode">
      <UniqueIdentifier>{19b5e57d-f384-4d12-8322-9858647d6e3f}</UniqueIdentifier>
    </Filter>
    <Filter Include="Header Files\image\encode">
      <UniqueIdentifier>{b408fb06-53ab-464c-ab1a-291fcb42b26c}</UniqueIdentifier>
    </Filter>
    <Filter Include="Header Files\image\sys">
      <UniqueIdentifier>{18f31ca1-fc91-41fe-876b-81be9efbafcd}</UniqueIdentifier>
    </Filter>
    <Filter Include="Header Files\image\x86">
      <UniqueIdentifier>{eb75f511-35a4-4e6b-937c-af5baab270c6}</UniqueIdentifier>
    </Filter>
    <Filter Include="Header Files\common">
      <UniqueIdentifier>{828893f7-3072-4e3a-ab5d-4128d3c1344d}</UniqueIdentifier>
    </Filter>
    <Filter Include="Header Files\jxrgluelib">
      <UniqueIdentifier>{0043c0d0-9e43-4b1c-ae13-d19acceb1282}</UniqueIdentifier>
    </Filter>
  </ItemGroup>
  <ItemGroup>
    <ClCompile Include="image\decode\decode.c">
      <Filter>Source Files\image\decode</Filter>
    </ClCompile>
    <ClCompile Include="image\decode\JXRTranscode.c">
      <Filter>Source Files\image\decode</Filter>
    </ClCompile>
    <ClCompile Include="image\decode\postprocess.c">
      <Filter>Source Files\image\decode</Filter>
    </ClCompile>
    <ClCompile Include="image\decode\segdec.c">
      <Filter>Source Files\image\decode</Filter>
    </ClCompile>
    <ClCompile Include="image\decode\strdec.c">
      <Filter>Source Files\image\decode</Filter>
    </ClCompile>
    <ClCompile Include="image\decode\strdec_x86.c">
      <Filter>Source Files\image\decode</Filter>
    </ClCompile>
    <ClCompile Include="image\decode\strInvTransform.c">
      <Filter>Source Files\image\decode</Filter>
    </ClCompile>
    <ClCompile Include="image\decode\strPredQuantDec.c">
      <Filter>Source Files\image\decode</Filter>
    </ClCompile>
    <ClCompile Include="image\encode\encode.c">
      <Filter>Source Files\image\encode</Filter>
    </ClCompile>
    <ClCompile Include="image\encode\segenc.c">
      <Filter>Source Files\image\encode</Filter>
    </ClCompile>
    <ClCompile Include="image\encode\strenc.c">
      <Filter>Source Files\image\encode</Filter>
    </ClCompile>
    <ClCompile Include="image\encode\strenc_x86.c">
      <Filter>Source Files\image\encode</Filter>
    </ClCompile>
    <ClCompile Include="image\encode\strFwdTransform.c">
      <Filter>Source Files\image\encode</Filter>
    </ClCompile>
    <ClCompile Include="image\encode\strPredQuantEnc.c">
      <Filter>Source Files\image\encode</Filter>
    </ClCompile>
    <ClCompile Include="image\sys\adapthuff.c">
      <Filter>Source Files\image\sys</Filter>
    </ClCompile>
    <ClCompile Include="image\sys\image.c">
      <Filter>Source Files\image\sys</Filter>
    </ClCompile>
    <ClCompile Include="image\sys\strcodec.c">
      <Filter>Source Files\image\sys</Filter>
    </ClCompile>
    <ClCompile Include="image\sys\strPredQuant.c">
      <Filter>Source Files\image\sys</Filter>
    </ClCompile>
    <ClCompile Include="image\sys\strTransform.c">
      <Filter>Source Files\image\sys</Filter>
    </ClCompile>
    <ClCompile Include="jxrgluelib\JXRGlue.c">
      <Filter>Source Files\jxrgluelib</Filter>
    </ClCompile>
    <ClCompile Include="jxrgluelib\JXRGlueJxr.c">
      <Filter>Source Files\jxrgluelib</Filter>
    </ClCompile>
    <ClCompile Include="jxrgluelib\JXRGluePFC.c">
      <Filter>Source Files\jxrgluelib</Filter>
    </ClCompile>
    <ClCompile Include="jxrgluelib\JXRMeta.c">
      <Filter>Source Files\jxrgluelib</Filter>
    </ClCompile>
  </ItemGroup>
  <ItemGroup>
    <ClInclude Include="image\decode\decode.h">
      <Filter>Header Files\image\decode</Filter>
    </ClInclude>
    <ClInclude Include="image\encode\encode.h">
      <Filter>Header Files\image\encode</Filter>
    </ClInclude>
    <ClInclude Include="image\sys\ansi.h">
      <Filter>Header Files\image\sys</Filter>
    </ClInclude>
    <ClInclude Include="image\sys\common.h">
      <Filter>Header Files\image\sys</Filter>
    </ClInclude>
    <ClInclude Include="image\sys\perfTimer.h">
      <Filter>Header Files\image\sys</Filter>
    </ClInclude>
    <ClInclude Include="image\sys\strcodec.h">
      <Filter>Header Files\image\sys</Filter>
    </ClInclude>
    <ClInclude Include="image\sys\strTransform.h">
      <Filter>Header Files\image\sys</Filter>
    </ClInclude>
    <ClInclude Include="image\sys\windowsmediaphoto.h">
      <Filter>Header Files\image\sys</Filter>
    </ClInclude>
    <ClInclude Include="image\sys\xplatform_image.h">
      <Filter>Header Files\image\sys</Filter>
    </ClInclude>
    <ClInclude Include="image\x86\x86.h">
      <Filter>Header Files\image\x86</Filter>
    </ClInclude>
    <ClInclude Include="common\include\guiddef.h">
      <Filter>Header Files\common</Filter>
    </ClInclude>
    <ClInclude Include="common\include\wmsal.h">
      <Filter>Header Files\common</Filter>
    </ClInclude>
    <ClInclude Include="common\include\wmspecstring.h">
      <Filter>Header Files\common</Filter>
    </ClInclude>
    <ClInclude Include="common\include\wmspecstrings_adt.h">
      <Filter>Header Files\common</Filter>
    </ClInclude>
    <ClInclude Include="common\include\wmspecstrings_strict.h">
      <Filter>Header Files\common</Filter>
    </ClInclude>
    <ClInclude Include="common\include\wmspecstrings_undef.h">
      <Filter>Header Files\common</Filter>
    </ClInclude>
    <ClInclude Include="jxrgluelib\JXRGlue.h">
      <Filter>Header Files\jxrgluelib</Filter>
    </ClInclude>
    <ClInclude Include="jxrgluelib\JXRMeta.h">
      <Filter>Header Files\jxrgluelib</Filter>
    </ClInclude>
  </ItemGroup>
</Project>