<?xml version="1.0" encoding="utf-8"?>
<Project ToolsVersion="4.0" xmlns="http://schemas.microsoft.com/developer/msbuild/2003">
  <ItemGroup>
    <ClCompile Include="..\..\FreeImage-3.15.4\Source\FreeImage\PluginSGI.cpp">
      <Filter>FreeImage</Filter>
    </ClCompile>
    <ClCompile Include="..\..\FreeImage-3.15.4\Source\FreeImage\PluginTARGA.cpp">
      <Filter>FreeImage</Filter>
    </ClCompile>
    <ClCompile Include="..\..\FreeImage-3.15.4\Source\FreeImage\PluginWBMP.cpp">
      <Filter>FreeImage</Filter>
    </ClCompile>
    <ClCompile Include="..\..\FreeImage-3.15.4\Source\FreeImage\PluginWEBP.cpp">
      <Filter>FreeImage</Filter>
    </ClCompile>
    <ClCompile Include="..\..\FreeImage-3.15.4\Source\FreeImage\PluginXBM.cpp">
      <Filter>FreeImage</Filter>
    </ClCompile>
    <ClCompile Include="..\..\FreeImage-3.15.4\Source\FreeImage\PluginXPM.cpp">
      <Filter>FreeImage</Filter>
    </ClCompile>
    <ClCompile Include="..\..\FreeImage-3.15.4\Source\FreeImage\TIFFLogLuv.cpp">
      <Filter>FreeImage</Filter>
    </ClCompile>
    <ClCompile Include="..\..\FreeImage-3.15.4\Source\FreeImage\tmoColorConvert.cpp">
      <Filter>FreeImage</Filter>
    </ClCompile>
    <ClCompile Include="..\..\FreeImage-3.15.4\Source\FreeImage\tmoDrago03.cpp">
      <Filter>FreeImage</Filter>
    </ClCompile>
    <ClCompile Include="..\..\FreeImage-3.15.4\Source\FreeImage\tmoFattal02.cpp">
      <Filter>FreeImage</Filter>
    </ClCompile>
    <ClCompile Include="..\..\FreeImage-3.15.4\Source\FreeImage\tmoReinhard05.cpp">
      <Filter>FreeImage</Filter>
    </ClCompile>
    <ClCompile Include="..\..\FreeImage-3.15.4\Source\FreeImage\ToneMapping.cpp">
      <Filter>FreeImage</Filter>
    </ClCompile>
    <ClCompile Include="..\..\FreeImage-3.15.4\Source\FreeImage\WuQuantizer.cpp">
      <Filter>FreeImage</Filter>
    </ClCompile>
    <ClCompile Include="..\..\FreeImage-3.15.4\Source\FreeImage\ZLibInterface.cpp">
      <Filter>FreeImage</Filter>
    </ClCompile>
    <ClCompile Include="..\..\FreeImage-3.15.4\Source\FreeImage\FreeImageC.c">
      <Filter>FreeImage</Filter>
    </ClCompile>
    <ClCompile Include="..\..\FreeImage-3.15.4\Source\FreeImage\BitmapAccess.cpp">
      <Filter>FreeImage</Filter>
    </ClCompile>
    <ClCompile Include="..\..\FreeImage-3.15.4\Source\FreeImage\CacheFile.cpp">
      <Filter>FreeImage</Filter>
    </ClCompile>
    <ClCompile Include="..\..\FreeImage-3.15.4\Source\FreeImage\ColorLookup.cpp">
      <Filter>FreeImage</Filter>
    </ClCompile>
    <ClCompile Include="..\..\FreeImage-3.15.4\Source\FreeImage\Conversion.cpp">
      <Filter>FreeImage</Filter>
    </ClCompile>
    <ClCompile Include="..\..\FreeImage-3.15.4\Source\FreeImage\Conversion4.cpp">
      <Filter>FreeImage</Filter>
    </ClCompile>
    <ClCompile Include="..\..\FreeImage-3.15.4\Source\FreeImage\Conversion8.cpp">
      <Filter>FreeImage</Filter>
    </ClCompile>
    <ClCompile Include="..\..\FreeImage-3.15.4\Source\FreeImage\Conversion16_555.cpp">
      <Filter>FreeImage</Filter>
    </ClCompile>
    <ClCompile Include="..\..\FreeImage-3.15.4\Source\FreeImage\Conversion16_565.cpp">
      <Filter>FreeImage</Filter>
    </ClCompile>
    <ClCompile Include="..\..\FreeImage-3.15.4\Source\FreeImage\Conversion24.cpp">
      <Filter>FreeImage</Filter>
    </ClCompile>
    <ClCompile Include="..\..\FreeImage-3.15.4\Source\FreeImage\Conversion32.cpp">
      <Filter>FreeImage</Filter>
    </ClCompile>
    <ClCompile Include="..\..\FreeImage-3.15.4\Source\FreeImage\ConversionFloat.cpp">
      <Filter>FreeImage</Filter>
    </ClCompile>
    <ClCompile Include="..\..\FreeImage-3.15.4\Source\FreeImage\ConversionRGB16.cpp">
      <Filter>FreeImage</Filter>
    </ClCompile>
    <ClCompile Include="..\..\FreeImage-3.15.4\Source\FreeImage\ConversionRGBF.cpp">
      <Filter>FreeImage</Filter>
    </ClCompile>
    <ClCompile Include="..\..\FreeImage-3.15.4\Source\FreeImage\ConversionType.cpp">
      <Filter>FreeImage</Filter>
    </ClCompile>
    <ClCompile Include="..\..\FreeImage-3.15.4\Source\FreeImage\ConversionUINT16.cpp">
      <Filter>FreeImage</Filter>
    </ClCompile>
    <ClCompile Include="..\..\FreeImage-3.15.4\Source\FreeImage\FreeImage.cpp">
      <Filter>FreeImage</Filter>
    </ClCompile>
    <ClCompile Include="..\..\FreeImage-3.15.4\Source\FreeImage\FreeImageIO.cpp">
      <Filter>FreeImage</Filter>
    </ClCompile>
    <ClCompile Include="..\..\FreeImage-3.15.4\Source\FreeImage\GetType.cpp">
      <Filter>FreeImage</Filter>
    </ClCompile>
    <ClCompile Include="..\..\FreeImage-3.15.4\Source\FreeImage\Halftoning.cpp">
      <Filter>FreeImage</Filter>
    </ClCompile>
    <ClCompile Include="..\..\FreeImage-3.15.4\Source\FreeImage\J2KHelper.cpp">
      <Filter>FreeImage</Filter>
    </ClCompile>
    <ClCompile Include="..\..\FreeImage-3.15.4\Source\FreeImage\MemoryIO.cpp">
      <Filter>FreeImage</Filter>
    </ClCompile>
    <ClCompile Include="..\..\FreeImage-3.15.4\Source\FreeImage\MNGHelper.cpp">
      <Filter>FreeImage</Filter>
    </ClCompile>
    <ClCompile Include="..\..\FreeImage-3.15.4\Source\FreeImage\MultiPage.cpp">
      <Filter>FreeImage</Filter>
    </ClCompile>
    <ClCompile Include="..\..\FreeImage-3.15.4\Source\FreeImage\NNQuantizer.cpp">
      <Filter>FreeImage</Filter>
    </ClCompile>
    <ClCompile Include="..\..\FreeImage-3.15.4\Source\FreeImage\PixelAccess.cpp">
      <Filter>FreeImage</Filter>
    </ClCompile>
    <ClCompile Include="..\..\FreeImage-3.15.4\Source\FreeImage\Plugin.cpp">
      <Filter>FreeImage</Filter>
    </ClCompile>
    <ClCompile Include="..\..\FreeImage-3.15.4\Source\FreeImage\PluginBMP.cpp">
      <Filter>FreeImage</Filter>
    </ClCompile>
    <ClCompile Include="..\..\FreeImage-3.15.4\Source\FreeImage\PluginCUT.cpp">
      <Filter>FreeImage</Filter>
    </ClCompile>
    <ClCompile Include="..\..\FreeImage-3.15.4\Source\FreeImage\PluginDDS.cpp">
      <Filter>FreeImage</Filter>
    </ClCompile>
    <ClCompile Include="..\..\FreeImage-3.15.4\Source\FreeImage\PluginGIF.cpp">
      <Filter>FreeImage</Filter>
    </ClCompile>
    <ClCompile Include="..\..\FreeImage-3.15.4\Source\FreeImage\PluginHDR.cpp">
      <Filter>FreeImage</Filter>
    </ClCompile>
    <ClCompile Include="..\..\FreeImage-3.15.4\Source\FreeImage\PluginICO.cpp">
      <Filter>FreeImage</Filter>
    </ClCompile>
    <ClCompile Include="..\..\FreeImage-3.15.4\Source\FreeImage\PluginIFF.cpp">
      <Filter>FreeImage</Filter>
    </ClCompile>
    <ClCompile Include="..\..\FreeImage-3.15.4\Source\FreeImage\PluginJ2K.cpp">
      <Filter>FreeImage</Filter>
    </ClCompile>
    <ClCompile Include="..\..\FreeImage-3.15.4\Source\FreeImage\PluginJNG.cpp">
      <Filter>FreeImage</Filter>
    </ClCompile>
    <ClCompile Include="..\..\FreeImage-3.15.4\Source\FreeImage\PluginJP2.cpp">
      <Filter>FreeImage</Filter>
    </ClCompile>
    <ClCompile Include="..\..\FreeImage-3.15.4\Source\FreeImage\PluginJPEG.cpp">
      <Filter>FreeImage</Filter>
    </ClCompile>
    <ClCompile Include="..\..\FreeImage-3.15.4\Source\FreeImage\PluginKOALA.cpp">
      <Filter>FreeImage</Filter>
    </ClCompile>
    <ClCompile Include="..\..\FreeImage-3.15.4\Source\FreeImage\PluginMNG.cpp">
      <Filter>FreeImage</Filter>
    </ClCompile>
    <ClCompile Include="..\..\FreeImage-3.15.4\Source\FreeImage\PluginPCD.cpp">
      <Filter>FreeImage</Filter>
    </ClCompile>
    <ClCompile Include="..\..\FreeImage-3.15.4\Source\FreeImage\PluginPCX.cpp">
      <Filter>FreeImage</Filter>
    </ClCompile>
    <ClCompile Include="..\..\FreeImage-3.15.4\Source\FreeImage\PluginPFM.cpp">
      <Filter>FreeImage</Filter>
    </ClCompile>
    <ClCompile Include="..\..\FreeImage-3.15.4\Source\FreeImage\PluginPICT.cpp">
      <Filter>FreeImage</Filter>
    </ClCompile>
    <ClCompile Include="..\..\FreeImage-3.15.4\Source\FreeImage\PluginPNG.cpp">
      <Filter>FreeImage</Filter>
    </ClCompile>
    <ClCompile Include="..\..\FreeImage-3.15.4\Source\FreeImage\PluginPNM.cpp">
      <Filter>FreeImage</Filter>
    </ClCompile>
    <ClCompile Include="..\..\FreeImage-3.15.4\Source\FreeImage\PluginRAS.cpp">
      <Filter>FreeImage</Filter>
    </ClCompile>
    <ClCompile Include="..\..\FreeImage-3.15.4\Source\FreeImageToolkit\Resize.cpp">
      <Filter>FreeImageToolkit</Filter>
    </ClCompile>
    <ClCompile Include="..\..\FreeImage-3.15.4\Source\FreeImageToolkit\Background.cpp">
      <Filter>FreeImageToolkit</Filter>
    </ClCompile>
    <ClCompile Include="..\..\FreeImage-3.15.4\Source\FreeImageToolkit\BSplineRotate.cpp">
      <Filter>FreeImageToolkit</Filter>
    </ClCompile>
    <ClCompile Include="..\..\FreeImage-3.15.4\Source\FreeImageToolkit\Channels.cpp">
      <Filter>FreeImageToolkit</Filter>
    </ClCompile>
    <ClCompile Include="..\..\FreeImage-3.15.4\Source\FreeImageToolkit\ClassicRotate.cpp">
      <Filter>FreeImageToolkit</Filter>
    </ClCompile>
    <ClCompile Include="..\..\FreeImage-3.15.4\Source\FreeImageToolkit\Colors.cpp">
      <Filter>FreeImageToolkit</Filter>
    </ClCompile>
    <ClCompile Include="..\..\FreeImage-3.15.4\Source\FreeImageToolkit\CopyPaste.cpp">
      <Filter>FreeImageToolkit</Filter>
    </ClCompile>
    <ClCompile Include="..\..\FreeImage-3.15.4\Source\FreeImageToolkit\Display.cpp">
      <Filter>FreeImageToolkit</Filter>
    </ClCompile>
    <ClCompile Include="..\..\FreeImage-3.15.4\Source\FreeImageToolkit\FlipFI.cpp">
      <Filter>FreeImageToolkit</Filter>
    </ClCompile>
    <ClCompile Include="..\..\FreeImage-3.15.4\Source\FreeImageToolkit\JPEGTransform.cpp">
      <Filter>FreeImageToolkit</Filter>
    </ClCompile>
    <ClCompile Include="..\..\FreeImage-3.15.4\Source\FreeImageToolkit\MultigridPoissonSolver.cpp">
      <Filter>FreeImageToolkit</Filter>
    </ClCompile>
    <ClCompile Include="..\..\FreeImage-3.15.4\Source\FreeImageToolkit\Rescale.cpp">
      <Filter>FreeImageToolkit</Filter>
    </ClCompile>
    <ClCompile Include="..\..\FreeImage-3.15.4\Source\LibJPEG\cdjpeg.c">
      <Filter>LibJPEG</Filter>
    </ClCompile>
    <ClCompile Include="..\..\FreeImage-3.15.4\Source\LibJPEG\jaricom.c">
      <Filter>LibJPEG</Filter>
    </ClCompile>
    <ClCompile Include="..\..\FreeImage-3.15.4\Source\LibJPEG\jcapimin.c">
      <Filter>LibJPEG</Filter>
    </ClCompile>
    <ClCompile Include="..\..\FreeImage-3.15.4\Source\LibJPEG\jcapistd.c">
      <Filter>LibJPEG</Filter>
    </ClCompile>
    <ClCompile Include="..\..\FreeImage-3.15.4\Source\LibJPEG\jcarith.c">
      <Filter>LibJPEG</Filter>
    </ClCompile>
    <ClCompile Include="..\..\FreeImage-3.15.4\Source\LibJPEG\jccoefct.c">
      <Filter>LibJPEG</Filter>
    </ClCompile>
    <ClCompile Include="..\..\FreeImage-3.15.4\Source\LibJPEG\jccolor.c">
      <Filter>LibJPEG</Filter>
    </ClCompile>
    <ClCompile Include="..\..\FreeImage-3.15.4\Source\LibJPEG\jcdctmgr.c">
      <Filter>LibJPEG</Filter>
    </ClCompile>
    <ClCompile Include="..\..\FreeImage-3.15.4\Source\LibJPEG\jchuff.c">
      <Filter>LibJPEG</Filter>
    </ClCompile>
    <ClCompile Include="..\..\FreeImage-3.15.4\Source\LibJPEG\jcinit.c">
      <Filter>LibJPEG</Filter>
    </ClCompile>
    <ClCompile Include="..\..\FreeImage-3.15.4\Source\LibJPEG\jcmainct.c">
      <Filter>LibJPEG</Filter>
    </ClCompile>
    <ClCompile Include="..\..\FreeImage-3.15.4\Source\LibJPEG\jcmarker.c">
      <Filter>LibJPEG</Filter>
    </ClCompile>
    <ClCompile Include="..\..\FreeImage-3.15.4\Source\LibJPEG\jcmaster.c">
      <Filter>LibJPEG</Filter>
    </ClCompile>
    <ClCompile Include="..\..\FreeImage-3.15.4\Source\LibJPEG\jcomapi.c">
      <Filter>LibJPEG</Filter>
    </ClCompile>
    <ClCompile Include="..\..\FreeImage-3.15.4\Source\LibJPEG\jcparam.c">
      <Filter>LibJPEG</Filter>
    </ClCompile>
    <ClCompile Include="..\..\FreeImage-3.15.4\Source\LibJPEG\jcprepct.c">
      <Filter>LibJPEG</Filter>
    </ClCompile>
    <ClCompile Include="..\..\FreeImage-3.15.4\Source\LibJPEG\jcsample.c">
      <Filter>LibJPEG</Filter>
    </ClCompile>
    <ClCompile Include="..\..\FreeImage-3.15.4\Source\LibJPEG\jctrans.c">
      <Filter>LibJPEG</Filter>
    </ClCompile>
    <ClCompile Include="..\..\FreeImage-3.15.4\Source\LibJPEG\jdapimin.c">
      <Filter>LibJPEG</Filter>
    </ClCompile>
    <ClCompile Include="..\..\FreeImage-3.15.4\Source\LibJPEG\jdapistd.c">
      <Filter>LibJPEG</Filter>
    </ClCompile>
    <ClCompile Include="..\..\FreeImage-3.15.4\Source\LibJPEG\jdarith.c">
      <Filter>LibJPEG</Filter>
    </ClCompile>
    <ClCompile Include="..\..\FreeImage-3.15.4\Source\LibJPEG\jdatadst.c">
      <Filter>LibJPEG</Filter>
    </ClCompile>
    <ClCompile Include="..\..\FreeImage-3.15.4\Source\LibJPEG\jdatasrc.c">
      <Filter>LibJPEG</Filter>
    </ClCompile>
    <ClCompile Include="..\..\FreeImage-3.15.4\Source\LibJPEG\jdcoefct.c">
      <Filter>LibJPEG</Filter>
    </ClCompile>
    <ClCompile Include="..\..\FreeImage-3.15.4\Source\LibJPEG\jdcolor.c">
      <Filter>LibJPEG</Filter>
    </ClCompile>
    <ClCompile Include="..\..\FreeImage-3.15.4\Source\LibJPEG\jddctmgr.c">
      <Filter>LibJPEG</Filter>
    </ClCompile>
    <ClCompile Include="..\..\FreeImage-3.15.4\Source\LibJPEG\jdhuff.c">
      <Filter>LibJPEG</Filter>
    </ClCompile>
    <ClCompile Include="..\..\FreeImage-3.15.4\Source\LibJPEG\jdinput.c">
      <Filter>LibJPEG</Filter>
    </ClCompile>
    <ClCompile Include="..\..\FreeImage-3.15.4\Source\LibJPEG\jdmainct.c">
      <Filter>LibJPEG</Filter>
    </ClCompile>
    <ClCompile Include="..\..\FreeImage-3.15.4\Source\LibJPEG\jdmarker.c">
      <Filter>LibJPEG</Filter>
    </ClCompile>
    <ClCompile Include="..\..\FreeImage-3.15.4\Source\LibJPEG\jdmaster.c">
      <Filter>LibJPEG</Filter>
    </ClCompile>
    <ClCompile Include="..\..\FreeImage-3.15.4\Source\LibJPEG\jdmerge.c">
      <Filter>LibJPEG</Filter>
    </ClCompile>
    <ClCompile Include="..\..\FreeImage-3.15.4\Source\LibJPEG\jdpostct.c">
      <Filter>LibJPEG</Filter>
    </ClCompile>
    <ClCompile Include="..\..\FreeImage-3.15.4\Source\LibJPEG\jdsample.c">
      <Filter>LibJPEG</Filter>
    </ClCompile>
    <ClCompile Include="..\..\FreeImage-3.15.4\Source\LibJPEG\jdtrans.c">
      <Filter>LibJPEG</Filter>
    </ClCompile>
    <ClCompile Include="..\..\FreeImage-3.15.4\Source\LibJPEG\jerror.c">
      <Filter>LibJPEG</Filter>
    </ClCompile>
    <ClCompile Include="..\..\FreeImage-3.15.4\Source\LibJPEG\jfdctflt.c">
      <Filter>LibJPEG</Filter>
    </ClCompile>
    <ClCompile Include="..\..\FreeImage-3.15.4\Source\LibJPEG\jfdctfst.c">
      <Filter>LibJPEG</Filter>
    </ClCompile>
    <ClCompile Include="..\..\FreeImage-3.15.4\Source\LibJPEG\jfdctint.c">
      <Filter>LibJPEG</Filter>
    </ClCompile>
    <ClCompile Include="..\..\FreeImage-3.15.4\Source\LibJPEG\jidctflt.c">
      <Filter>LibJPEG</Filter>
    </ClCompile>
    <ClCompile Include="..\..\FreeImage-3.15.4\Source\LibJPEG\jidctfst.c">
      <Filter>LibJPEG</Filter>
    </ClCompile>
    <ClCompile Include="..\..\FreeImage-3.15.4\Source\LibJPEG\jidctint.c">
      <Filter>LibJPEG</Filter>
    </ClCompile>
    <ClCompile Include="..\..\FreeImage-3.15.4\Source\LibJPEG\jmemmgr.c">
      <Filter>LibJPEG</Filter>
    </ClCompile>
    <ClCompile Include="..\..\FreeImage-3.15.4\Source\LibJPEG\jmemname.c">
      <Filter>LibJPEG</Filter>
    </ClCompile>
    <ClCompile Include="..\..\FreeImage-3.15.4\Source\LibJPEG\jquant1.c">
      <Filter>LibJPEG</Filter>
    </ClCompile>
    <ClCompile Include="..\..\FreeImage-3.15.4\Source\LibJPEG\jquant2.c">
      <Filter>LibJPEG</Filter>
    </ClCompile>
    <ClCompile Include="..\..\FreeImage-3.15.4\Source\LibJPEG\jutils.c">
      <Filter>LibJPEG</Filter>
    </ClCompile>
    <ClCompile Include="..\..\FreeImage-3.15.4\Source\LibJPEG\rdbmp.c">
      <Filter>LibJPEG</Filter>
    </ClCompile>
    <ClCompile Include="..\..\FreeImage-3.15.4\Source\LibJPEG\rdcolmap.c">
      <Filter>LibJPEG</Filter>
    </ClCompile>
    <ClCompile Include="..\..\FreeImage-3.15.4\Source\LibJPEG\rdgif.c">
      <Filter>LibJPEG</Filter>
    </ClCompile>
    <ClCompile Include="..\..\FreeImage-3.15.4\Source\LibJPEG\rdppm.c">
      <Filter>LibJPEG</Filter>
    </ClCompile>
    <ClCompile Include="..\..\FreeImage-3.15.4\Source\LibJPEG\rdrle.c">
      <Filter>LibJPEG</Filter>
    </ClCompile>
    <ClCompile Include="..\..\FreeImage-3.15.4\Source\LibJPEG\rdswitch.c">
      <Filter>LibJPEG</Filter>
    </ClCompile>
    <ClCompile Include="..\..\FreeImage-3.15.4\Source\LibJPEG\rdtarga.c">
      <Filter>LibJPEG</Filter>
    </ClCompile>
    <ClCompile Include="..\..\FreeImage-3.15.4\Source\LibJPEG\transupp.c">
      <Filter>LibJPEG</Filter>
    </ClCompile>
    <ClCompile Include="..\..\FreeImage-3.15.4\Source\LibJPEG\wrbmp.c">
      <Filter>LibJPEG</Filter>
    </ClCompile>
    <ClCompile Include="..\..\FreeImage-3.15.4\Source\LibJPEG\wrgif.c">
      <Filter>LibJPEG</Filter>
    </ClCompile>
    <ClCompile Include="..\..\FreeImage-3.15.4\Source\LibJPEG\wrjpgcom.c">
      <Filter>LibJPEG</Filter>
    </ClCompile>
    <ClCompile Include="..\..\FreeImage-3.15.4\Source\LibJPEG\wrppm.c">
      <Filter>LibJPEG</Filter>
    </ClCompile>
    <ClCompile Include="..\..\FreeImage-3.15.4\Source\LibJPEG\wrrle.c">
      <Filter>LibJPEG</Filter>
    </ClCompile>
    <ClCompile Include="..\..\FreeImage-3.15.4\Source\LibJPEG\wrtarga.c">
      <Filter>LibJPEG</Filter>
    </ClCompile>
    <ClCompile Include="..\..\FreeImage-3.15.4\Source\LibOpenJPEG\tpix_manager.c">
      <Filter>LibOpenJPEG</Filter>
    </ClCompile>
    <ClCompile Include="..\..\FreeImage-3.15.4\Source\LibOpenJPEG\bio.c">
      <Filter>LibOpenJPEG</Filter>
    </ClCompile>
    <ClCompile Include="..\..\FreeImage-3.15.4\Source\LibOpenJPEG\cidx_manager.c">
      <Filter>LibOpenJPEG</Filter>
    </ClCompile>
    <ClCompile Include="..\..\FreeImage-3.15.4\Source\LibOpenJPEG\cio.c">
      <Filter>LibOpenJPEG</Filter>
    </ClCompile>
    <ClCompile Include="..\..\FreeImage-3.15.4\Source\LibOpenJPEG\dwt.c">
      <Filter>LibOpenJPEG</Filter>
    </ClCompile>
    <ClCompile Include="..\..\FreeImage-3.15.4\Source\LibOpenJPEG\event.c">
      <Filter>LibOpenJPEG</Filter>
    </ClCompile>
    <ClCompile Include="..\..\FreeImage-3.15.4\Source\LibOpenJPEG\image.c">
      <Filter>LibOpenJPEG</Filter>
    </ClCompile>
    <ClCompile Include="..\..\FreeImage-3.15.4\Source\LibOpenJPEG\j2k.c">
      <Filter>LibOpenJPEG</Filter>
    </ClCompile>
    <ClCompile Include="..\..\FreeImage-3.15.4\Source\LibOpenJPEG\j2k_lib.c">
      <Filter>LibOpenJPEG</Filter>
    </ClCompile>
    <ClCompile Include="..\..\FreeImage-3.15.4\Source\LibOpenJPEG\jp2.c">
      <Filter>LibOpenJPEG</Filter>
    </ClCompile>
    <ClCompile Include="..\..\FreeImage-3.15.4\Source\LibOpenJPEG\jpt.c">
      <Filter>LibOpenJPEG</Filter>
    </ClCompile>
    <ClCompile Include="..\..\FreeImage-3.15.4\Source\LibOpenJPEG\mct.c">
      <Filter>LibOpenJPEG</Filter>
    </ClCompile>
    <ClCompile Include="..\..\FreeImage-3.15.4\Source\LibOpenJPEG\mqc.c">
      <Filter>LibOpenJPEG</Filter>
    </ClCompile>
    <ClCompile Include="..\..\FreeImage-3.15.4\Source\LibOpenJPEG\openjpeg.c">
      <Filter>LibOpenJPEG</Filter>
    </ClCompile>
    <ClCompile Include="..\..\FreeImage-3.15.4\Source\LibOpenJPEG\phix_manager.c">
      <Filter>LibOpenJPEG</Filter>
    </ClCompile>
    <ClCompile Include="..\..\FreeImage-3.15.4\Source\LibOpenJPEG\pi.c">
      <Filter>LibOpenJPEG</Filter>
    </ClCompile>
    <ClCompile Include="..\..\FreeImage-3.15.4\Source\LibOpenJPEG\ppix_manager.c">
      <Filter>LibOpenJPEG</Filter>
    </ClCompile>
    <ClCompile Include="..\..\FreeImage-3.15.4\Source\LibOpenJPEG\raw.c">
      <Filter>LibOpenJPEG</Filter>
    </ClCompile>
    <ClCompile Include="..\..\FreeImage-3.15.4\Source\LibOpenJPEG\t1.c">
      <Filter>LibOpenJPEG</Filter>
    </ClCompile>
    <ClCompile Include="..\..\FreeImage-3.15.4\Source\LibOpenJPEG\t2.c">
      <Filter>LibOpenJPEG</Filter>
    </ClCompile>
    <ClCompile Include="..\..\FreeImage-3.15.4\Source\LibOpenJPEG\tcd.c">
      <Filter>LibOpenJPEG</Filter>
    </ClCompile>
    <ClCompile Include="..\..\FreeImage-3.15.4\Source\LibOpenJPEG\tgt.c">
      <Filter>LibOpenJPEG</Filter>
    </ClCompile>
    <ClCompile Include="..\..\FreeImage-3.15.4\Source\LibOpenJPEG\thix_manager.c">
      <Filter>LibOpenJPEG</Filter>
    </ClCompile>
    <ClCompile Include="..\..\FreeImage-3.15.4\Source\LibPNG\pngwio.c">
      <Filter>LibPNG</Filter>
    </ClCompile>
    <ClCompile Include="..\..\FreeImage-3.15.4\Source\LibPNG\pngwrite.c">
      <Filter>LibPNG</Filter>
    </ClCompile>
    <ClCompile Include="..\..\FreeImage-3.15.4\Source\LibPNG\pngwtran.c">
      <Filter>LibPNG</Filter>
    </ClCompile>
    <ClCompile Include="..\..\FreeImage-3.15.4\Source\LibPNG\pngwutil.c">
      <Filter>LibPNG</Filter>
    </ClCompile>
    <ClCompile Include="..\..\FreeImage-3.15.4\Source\LibPNG\png.c">
      <Filter>LibPNG</Filter>
    </ClCompile>
    <ClCompile Include="..\..\FreeImage-3.15.4\Source\LibPNG\pngerror.c">
      <Filter>LibPNG</Filter>
    </ClCompile>
    <ClCompile Include="..\..\FreeImage-3.15.4\Source\LibPNG\pngget.c">
      <Filter>LibPNG</Filter>
    </ClCompile>
    <ClCompile Include="..\..\FreeImage-3.15.4\Source\LibPNG\pngmem.c">
      <Filter>LibPNG</Filter>
    </ClCompile>
    <ClCompile Include="..\..\FreeImage-3.15.4\Source\LibPNG\pngpread.c">
      <Filter>LibPNG</Filter>
    </ClCompile>
    <ClCompile Include="..\..\FreeImage-3.15.4\Source\LibPNG\pngread.c">
      <Filter>LibPNG</Filter>
    </ClCompile>
    <ClCompile Include="..\..\FreeImage-3.15.4\Source\LibPNG\pngrio.c">
      <Filter>LibPNG</Filter>
    </ClCompile>
    <ClCompile Include="..\..\FreeImage-3.15.4\Source\LibPNG\pngrtran.c">
      <Filter>LibPNG</Filter>
    </ClCompile>
    <ClCompile Include="..\..\FreeImage-3.15.4\Source\LibPNG\pngrutil.c">
      <Filter>LibPNG</Filter>
    </ClCompile>
    <ClCompile Include="..\..\FreeImage-3.15.4\Source\LibPNG\pngset.c">
      <Filter>LibPNG</Filter>
    </ClCompile>
    <ClCompile Include="..\..\FreeImage-3.15.4\Source\LibPNG\pngtrans.c">
      <Filter>LibPNG</Filter>
    </ClCompile>
    <ClCompile Include="..\..\FreeImage-3.15.4\Source\Metadata\Exif.cpp">
      <Filter>Metadata</Filter>
    </ClCompile>
    <ClCompile Include="..\..\FreeImage-3.15.4\Source\Metadata\FIRational.cpp">
      <Filter>Metadata</Filter>
    </ClCompile>
    <ClCompile Include="..\..\FreeImage-3.15.4\Source\Metadata\FreeImageTag.cpp">
      <Filter>Metadata</Filter>
    </ClCompile>
    <ClCompile Include="..\..\FreeImage-3.15.4\Source\Metadata\IPTC.cpp">
      <Filter>Metadata</Filter>
    </ClCompile>
    <ClCompile Include="..\..\FreeImage-3.15.4\Source\Metadata\TagConversion.cpp">
      <Filter>Metadata</Filter>
    </ClCompile>
    <ClCompile Include="..\..\FreeImage-3.15.4\Source\Metadata\TagLib.cpp">
      <Filter>Metadata</Filter>
    </ClCompile>
    <ClCompile Include="..\..\FreeImage-3.15.4\Source\FreeImage\PluginPVR.cpp">
      <Filter>FreeImage</Filter>
    </ClCompile>
    <ClCompile Include="..\..\..\webp\src\dec\alpha.c">
      <Filter>webp\dec</Filter>
    </ClCompile>
    <ClCompile Include="..\..\..\webp\src\dec\buffer.c">
      <Filter>webp\dec</Filter>
    </ClCompile>
    <ClCompile Include="..\..\..\webp\src\dec\frame.c">
      <Filter>webp\dec</Filter>
    </ClCompile>
    <ClCompile Include="..\..\..\webp\src\dec\idec.c">
      <Filter>webp\dec</Filter>
    </ClCompile>
    <ClCompile Include="..\..\..\webp\src\dec\io.c">
      <Filter>webp\dec</Filter>
    </ClCompile>
    <ClCompile Include="..\..\..\webp\src\dec\layer.c">
      <Filter>webp\dec</Filter>
    </ClCompile>
    <ClCompile Include="..\..\..\webp\src\dec\quant.c">
      <Filter>webp\dec</Filter>
    </ClCompile>
    <ClCompile Include="..\..\..\webp\src\dec\tree.c">
      <Filter>webp\dec</Filter>
    </ClCompile>
    <ClCompile Include="..\..\..\webp\src\dec\vp8.c">
      <Filter>webp\dec</Filter>
    </ClCompile>
    <ClCompile Include="..\..\..\webp\src\dec\vp8l.c">
      <Filter>webp\dec</Filter>
    </ClCompile>
    <ClCompile Include="..\..\..\webp\src\dec\webp.c">
      <Filter>webp\dec</Filter>
    </ClCompile>
    <ClCompile Include="..\..\..\webp\src\dsp\cpu.c">
      <Filter>webp\dsp</Filter>
    </ClCompile>
    <ClCompile Include="..\..\..\webp\src\dsp\dec.c">
      <Filter>webp\dsp</Filter>
    </ClCompile>
    <ClCompile Include="..\..\..\webp\src\dsp\dec_neon.c">
      <Filter>webp\dsp</Filter>
    </ClCompile>
    <ClCompile Include="..\..\..\webp\src\dsp\dec_sse2.c">
      <Filter>webp\dsp</Filter>
    </ClCompile>
    <ClCompile Include="..\..\..\webp\src\dsp\enc.c">
      <Filter>webp\dsp</Filter>
    </ClCompile>
    <ClCompile Include="..\..\..\webp\src\dsp\enc_sse2.c">
      <Filter>webp\dsp</Filter>
    </ClCompile>
    <ClCompile Include="..\..\..\webp\src\dsp\lossless.c">
      <Filter>webp\dsp</Filter>
    </ClCompile>
    <ClCompile Include="..\..\..\webp\src\dsp\upsampling.c">
      <Filter>webp\dsp</Filter>
    </ClCompile>
    <ClCompile Include="..\..\..\webp\src\dsp\upsampling_sse2.c">
      <Filter>webp\dsp</Filter>
    </ClCompile>
    <ClCompile Include="..\..\..\webp\src\dsp\yuv.c">
      <Filter>webp\dsp</Filter>
    </ClCompile>
    <ClCompile Include="..\..\..\webp\src\mux\demux.c">
      <Filter>webp\mux</Filter>
    </ClCompile>
    <ClCompile Include="..\..\..\webp\src\mux\muxedit.c">
      <Filter>webp\mux</Filter>
    </ClCompile>
    <ClCompile Include="..\..\..\webp\src\mux\muxinternal.c">
      <Filter>webp\mux</Filter>
    </ClCompile>
    <ClCompile Include="..\..\..\webp\src\mux\muxread.c">
      <Filter>webp\mux</Filter>
    </ClCompile>
    <ClCompile Include="..\..\..\webp\src\utils\bit_reader.c">
      <Filter>webp\utils</Filter>
    </ClCompile>
    <ClCompile Include="..\..\..\webp\src\utils\bit_writer.c">
      <Filter>webp\utils</Filter>
    </ClCompile>
    <ClCompile Include="..\..\..\webp\src\utils\color_cache.c">
      <Filter>webp\utils</Filter>
    </ClCompile>
    <ClCompile Include="..\..\..\webp\src\utils\filters.c">
      <Filter>webp\utils</Filter>
    </ClCompile>
    <ClCompile Include="..\..\..\webp\src\utils\huffman.c">
      <Filter>webp\utils</Filter>
    </ClCompile>
    <ClCompile Include="..\..\..\webp\src\utils\huffman_encode.c">
      <Filter>webp\utils</Filter>
    </ClCompile>
    <ClCompile Include="..\..\..\webp\src\utils\quant_levels.c">
      <Filter>webp\utils</Filter>
    </ClCompile>
    <ClCompile Include="..\..\..\webp\src\utils\rescaler.c">
      <Filter>webp\utils</Filter>
    </ClCompile>
    <ClCompile Include="..\..\..\webp\src\utils\thread.c">
      <Filter>webp\utils</Filter>
    </ClCompile>
    <ClCompile Include="..\..\..\webp\src\utils\utils.c">
      <Filter>webp\utils</Filter>
    </ClCompile>
    <ClCompile Include="..\..\..\webp\Android_lib\webp\cpu-features.c">
      <Filter>webp</Filter>
    </ClCompile>
  </ItemGroup>
  <ItemGroup>
    <Filter Include="FreeImage">
      <UniqueIdentifier>{c6ef15fc-08bd-45c2-820b-31c5849c082c}</UniqueIdentifier>
    </Filter>
    <Filter Include="FreeImageToolkit">
      <UniqueIdentifier>{7c54dae1-686f-47ed-aa77-b98b443851d0}</UniqueIdentifier>
    </Filter>
    <Filter Include="LibJPEG">
      <UniqueIdentifier>{49b4bda8-b3ec-4de0-964e-29cc83087e17}</UniqueIdentifier>
    </Filter>
    <Filter Include="LibOpenJPEG">
      <UniqueIdentifier>{d151770f-59aa-4753-8bd1-cba7622b28e1}</UniqueIdentifier>
    </Filter>
    <Filter Include="LibPNG">
      <UniqueIdentifier>{43472a69-3cf6-421c-a042-231676c2676b}</UniqueIdentifier>
    </Filter>
    <Filter Include="Metadata">
      <UniqueIdentifier>{274bd784-cc1a-4be4-8437-8b65a99848f0}</UniqueIdentifier>
    </Filter>
    <Filter Include="webp">
      <UniqueIdentifier>{c85249f2-25cc-4481-8fb1-0c71f2ec6e70}</UniqueIdentifier>
    </Filter>
    <Filter Include="webp\dec">
      <UniqueIdentifier>{a74daf52-5410-4372-a4e1-d2c5f6242ebe}</UniqueIdentifier>
    </Filter>
    <Filter Include="webp\dsp">
      <UniqueIdentifier>{20377036-471e-40f4-a495-2cd377b989d9}</UniqueIdentifier>
    </Filter>
    <Filter Include="webp\mux">
      <UniqueIdentifier>{74fa1859-74c8-4df4-9542-fbd138371fca}</UniqueIdentifier>
    </Filter>
    <Filter Include="webp\utils">
      <UniqueIdentifier>{38431400-71ec-44be-9798-575ef14b70b0}</UniqueIdentifier>
    </Filter>
  </ItemGroup>
  <ItemGroup>
    <ClInclude Include="..\..\FreeImage-3.15.4\Source\Utilities.h" />
    <ClInclude Include="..\..\..\webp\src\dec\vp8i.h">
      <Filter>webp\dec</Filter>
    </ClInclude>
    <ClInclude Include="..\..\..\webp\Android_lib\webp\cpu-features.h">
      <Filter>webp</Filter>
    </ClInclude>
  </ItemGroup>
</Project>