<?xml version="1.0" encoding="utf-8"?>
<Project ToolsVersion="4.0" xmlns="http://schemas.microsoft.com/developer/msbuild/2003">
  <ItemGroup>
    <Filter Include="Resource Files">
      <UniqueIdentifier>{67DA6AB6-F800-4c08-8B7A-83BB121AAD01}</UniqueIdentifier>
      <Extensions>rc;ico;cur;bmp;dlg;rc2;rct;bin;rgs;gif;jpg;jpeg;jpe;resx;tiff;tif;png;wav;mfcribbon-ms</Extensions>
    </Filter>
    <Filter Include="FreeImage">
      <UniqueIdentifier>{e48dd333-b122-46b9-b06e-dc8daf579cae}</UniqueIdentifier>
    </Filter>
    <Filter Include="FreeImage\Header Files">
      <UniqueIdentifier>{d92efb9f-a49c-4e01-a3f6-fff093de4146}</UniqueIdentifier>
    </Filter>
    <Filter Include="FreeImage\Source Files">
      <UniqueIdentifier>{0876e0fb-ea88-47ff-a519-f6e0164df87e}</UniqueIdentifier>
    </Filter>
    <Filter Include="FreeImage\Source Files\Conversion">
      <UniqueIdentifier>{4b9032a8-ac9d-412b-8454-2a10ffcca3ce}</UniqueIdentifier>
    </Filter>
    <Filter Include="FreeImage\Source Files\DeprecationMgr">
      <UniqueIdentifier>{3b9979ee-e4f7-4599-93a6-d964201cfab5}</UniqueIdentifier>
    </Filter>
    <Filter Include="FreeImage\Source Files\Metadata">
      <UniqueIdentifier>{cfdcf5c2-51c5-4ce0-9866-07dc3ba73710}</UniqueIdentifier>
    </Filter>
    <Filter Include="FreeImage\Source Files\MultiPaging">
      <UniqueIdentifier>{748a81a4-2577-41ef-9adf-b2828a7a7f24}</UniqueIdentifier>
    </Filter>
    <Filter Include="FreeImage\Source Files\Plugins">
      <UniqueIdentifier>{c14e2fa5-c295-45a0-9482-a56a2c1dd4a0}</UniqueIdentifier>
    </Filter>
    <Filter Include="FreeImage\Source Files\Quantizers">
      <UniqueIdentifier>{840a4046-65c4-4ea8-8902-a3a09c525c6a}</UniqueIdentifier>
    </Filter>
    <Filter Include="FreeImage\Toolkit Files">
      <UniqueIdentifier>{db614435-2fa7-43eb-8262-53e32ade7958}</UniqueIdentifier>
    </Filter>
    <Filter Include="LibPNG">
      <UniqueIdentifier>{dcf9f816-9b94-42ce-9675-1789fc458b68}</UniqueIdentifier>
    </Filter>
    <Filter Include="LibPNG\Header Files">
      <UniqueIdentifier>{99b16434-e7ff-42b6-ae4c-4e997a173c5a}</UniqueIdentifier>
    </Filter>
    <Filter Include="LibPNG\Source Files">
      <UniqueIdentifier>{274fef87-aa34-431c-816c-61ed78783395}</UniqueIdentifier>
    </Filter>
    <Filter Include="ZLib">
      <UniqueIdentifier>{995b97b4-1ce4-4a7c-a993-9c43e4b10696}</UniqueIdentifier>
    </Filter>
    <Filter Include="ZLib\Header Files">
      <UniqueIdentifier>{82e5d1e4-4204-4411-bab4-2d8513dfd087}</UniqueIdentifier>
    </Filter>
    <Filter Include="ZLib\Source Files">
      <UniqueIdentifier>{946ea84b-d230-40fa-98d7-e9b8d32b4677}</UniqueIdentifier>
    </Filter>
    <Filter Include="LibJPEG">
      <UniqueIdentifier>{34cc5efc-5b57-4f45-bbda-4babc0dbc177}</UniqueIdentifier>
    </Filter>
    <Filter Include="LibJPEG\Header Files">
      <UniqueIdentifier>{1306c7ac-42cb-427b-95a6-da81be25d6e6}</UniqueIdentifier>
    </Filter>
    <Filter Include="LibJPEG\Source Files">
      <UniqueIdentifier>{877745ac-b154-485d-91eb-73f293fbb862}</UniqueIdentifier>
    </Filter>
    <Filter Include="LibOpenJPEG">
      <UniqueIdentifier>{c487dcd7-b0ad-43f8-a2a6-0cfdf9ddf582}</UniqueIdentifier>
    </Filter>
    <Filter Include="LibOpenJPEG\Header Files">
      <UniqueIdentifier>{ecbb2977-59a3-442c-94da-9ca408ca5d4d}</UniqueIdentifier>
    </Filter>
    <Filter Include="LibOpenJPEG\Source Files">
      <UniqueIdentifier>{2a9b8491-edd6-4412-86ca-eda1b32f7d90}</UniqueIdentifier>
    </Filter>
    <Filter Include="LibWEBP">
      <UniqueIdentifier>{c3f383c1-a654-4ed4-8b0f-98fda815b729}</UniqueIdentifier>
    </Filter>
    <Filter Include="LibWEBP\dec">
      <UniqueIdentifier>{8f57beae-437b-4027-94e0-80b7c11276ed}</UniqueIdentifier>
    </Filter>
    <Filter Include="LibWEBP\dsp">
      <UniqueIdentifier>{ed42cca9-5a33-4897-883c-0e4a90bc960a}</UniqueIdentifier>
    </Filter>
    <Filter Include="LibWEBP\enc">
      <UniqueIdentifier>{d813df39-f2b9-4928-81fd-9032f849316b}</UniqueIdentifier>
    </Filter>
    <Filter Include="LibWEBP\mux">
      <UniqueIdentifier>{d401676f-8946-4a33-883f-6aa1fc86cdd4}</UniqueIdentifier>
    </Filter>
    <Filter Include="LibWEBP\utils">
      <UniqueIdentifier>{5b556120-2516-4b6d-8a34-54f6d4401705}</UniqueIdentifier>
    </Filter>
    <Filter Include="LibWEBP\webp">
      <UniqueIdentifier>{eb735e87-fa9b-4983-a65f-aa443059f8bb}</UniqueIdentifier>
    </Filter>
  </ItemGroup>
  <ItemGroup>
    <ClCompile Include="freeimage_metro.cpp" />
    <ClCompile Include="..\Source\FreeImage\BitmapAccess.cpp">
      <Filter>FreeImage\Source Files</Filter>
    </ClCompile>
    <ClCompile Include="..\Source\FreeImage\ColorLookup.cpp">
      <Filter>FreeImage\Source Files</Filter>
    </ClCompile>
    <ClCompile Include="..\Source\FreeImage\FreeImage.cpp">
      <Filter>FreeImage\Source Files</Filter>
    </ClCompile>
    <ClCompile Include="..\Source\FreeImage\FreeImageIO.cpp">
      <Filter>FreeImage\Source Files</Filter>
    </ClCompile>
    <ClCompile Include="..\Source\FreeImage\GetType.cpp">
      <Filter>FreeImage\Source Files</Filter>
    </ClCompile>
    <ClCompile Include="..\Source\FreeImage\MemoryIO.cpp">
      <Filter>FreeImage\Source Files</Filter>
    </ClCompile>
    <ClCompile Include="..\Source\FreeImage\PixelAccess.cpp">
      <Filter>FreeImage\Source Files</Filter>
    </ClCompile>
    <ClCompile Include="..\Source\FreeImage\Conversion.cpp">
      <Filter>FreeImage\Source Files\Conversion</Filter>
    </ClCompile>
    <ClCompile Include="..\Source\FreeImage\Conversion4.cpp">
      <Filter>FreeImage\Source Files\Conversion</Filter>
    </ClCompile>
    <ClCompile Include="..\Source\FreeImage\Conversion8.cpp">
      <Filter>FreeImage\Source Files\Conversion</Filter>
    </ClCompile>
    <ClCompile Include="..\Source\FreeImage\Conversion16_555.cpp">
      <Filter>FreeImage\Source Files\Conversion</Filter>
    </ClCompile>
    <ClCompile Include="..\Source\FreeImage\Conversion16_565.cpp">
      <Filter>FreeImage\Source Files\Conversion</Filter>
    </ClCompile>
    <ClCompile Include="..\Source\FreeImage\Conversion24.cpp">
      <Filter>FreeImage\Source Files\Conversion</Filter>
    </ClCompile>
    <ClCompile Include="..\Source\FreeImage\Conversion32.cpp">
      <Filter>FreeImage\Source Files\Conversion</Filter>
    </ClCompile>
    <ClCompile Include="..\Source\FreeImage\ConversionFloat.cpp">
      <Filter>FreeImage\Source Files\Conversion</Filter>
    </ClCompile>
    <ClCompile Include="..\Source\FreeImage\ConversionRGB16.cpp">
      <Filter>FreeImage\Source Files\Conversion</Filter>
    </ClCompile>
    <ClCompile Include="..\Source\FreeImage\ConversionRGBF.cpp">
      <Filter>FreeImage\Source Files\Conversion</Filter>
    </ClCompile>
    <ClCompile Include="..\Source\FreeImage\ConversionType.cpp">
      <Filter>FreeImage\Source Files\Conversion</Filter>
    </ClCompile>
    <ClCompile Include="..\Source\FreeImage\ConversionUINT16.cpp">
      <Filter>FreeImage\Source Files\Conversion</Filter>
    </ClCompile>
    <ClCompile Include="..\Source\FreeImage\Halftoning.cpp">
      <Filter>FreeImage\Source Files\Conversion</Filter>
    </ClCompile>
    <ClCompile Include="..\Source\FreeImage\tmoColorConvert.cpp">
      <Filter>FreeImage\Source Files\Conversion</Filter>
    </ClCompile>
    <ClCompile Include="..\Source\FreeImage\tmoDrago03.cpp">
      <Filter>FreeImage\Source Files\Conversion</Filter>
    </ClCompile>
    <ClCompile Include="..\Source\FreeImage\tmoFattal02.cpp">
      <Filter>FreeImage\Source Files\Conversion</Filter>
    </ClCompile>
    <ClCompile Include="..\Source\FreeImage\tmoReinhard05.cpp">
      <Filter>FreeImage\Source Files\Conversion</Filter>
    </ClCompile>
    <ClCompile Include="..\Source\FreeImage\ToneMapping.cpp">
      <Filter>FreeImage\Source Files\Conversion</Filter>
    </ClCompile>
    <ClCompile Include="..\Source\DeprecationManager\Deprecated.cpp">
      <Filter>FreeImage\Source Files\DeprecationMgr</Filter>
    </ClCompile>
    <ClCompile Include="..\Source\DeprecationManager\DeprecationMgr.cpp">
      <Filter>FreeImage\Source Files\DeprecationMgr</Filter>
    </ClCompile>
    <ClCompile Include="..\Source\Metadata\Exif.cpp">
      <Filter>FreeImage\Source Files\Metadata</Filter>
    </ClCompile>
    <ClCompile Include="..\Source\Metadata\FIRational.cpp">
      <Filter>FreeImage\Source Files\Metadata</Filter>
    </ClCompile>
    <ClCompile Include="..\Source\Metadata\FreeImageTag.cpp">
      <Filter>FreeImage\Source Files\Metadata</Filter>
    </ClCompile>
    <ClCompile Include="..\Source\Metadata\IPTC.cpp">
      <Filter>FreeImage\Source Files\Metadata</Filter>
    </ClCompile>
    <ClCompile Include="..\Source\Metadata\TagConversion.cpp">
      <Filter>FreeImage\Source Files\Metadata</Filter>
    </ClCompile>
    <ClCompile Include="..\Source\Metadata\TagLib.cpp">
      <Filter>FreeImage\Source Files\Metadata</Filter>
    </ClCompile>
    <ClCompile Include="..\Source\Metadata\XTIFF.cpp">
      <Filter>FreeImage\Source Files\Metadata</Filter>
    </ClCompile>
    <ClCompile Include="..\Source\FreeImage\CacheFile.cpp">
      <Filter>FreeImage\Source Files\MultiPaging</Filter>
    </ClCompile>
    <ClCompile Include="..\Source\FreeImage\MultiPage.cpp">
      <Filter>FreeImage\Source Files\MultiPaging</Filter>
    </ClCompile>
    <ClCompile Include="..\Source\FreeImage\ZLibInterface.cpp">
      <Filter>FreeImage\Source Files\MultiPaging</Filter>
    </ClCompile>
    <ClCompile Include="..\Source\FreeImage\NNQuantizer.cpp">
      <Filter>FreeImage\Source Files\Quantizers</Filter>
    </ClCompile>
    <ClCompile Include="..\Source\FreeImage\WuQuantizer.cpp">
      <Filter>FreeImage\Source Files\Quantizers</Filter>
    </ClCompile>
    <ClCompile Include="..\Source\FreeImage\J2KHelper.cpp">
      <Filter>FreeImage\Source Files\Plugins</Filter>
    </ClCompile>
    <ClCompile Include="..\Source\FreeImage\MNGHelper.cpp">
      <Filter>FreeImage\Source Files\Plugins</Filter>
    </ClCompile>
    <ClCompile Include="..\Source\FreeImage\Plugin.cpp">
      <Filter>FreeImage\Source Files\Plugins</Filter>
    </ClCompile>
    <ClCompile Include="..\Source\FreeImage\PluginBMP.cpp">
      <Filter>FreeImage\Source Files\Plugins</Filter>
    </ClCompile>
    <ClCompile Include="..\Source\FreeImage\PluginCUT.cpp">
      <Filter>FreeImage\Source Files\Plugins</Filter>
    </ClCompile>
    <ClCompile Include="..\Source\FreeImage\PluginDDS.cpp">
      <Filter>FreeImage\Source Files\Plugins</Filter>
    </ClCompile>
    <ClCompile Include="..\Source\FreeImage\PluginG3.cpp">
      <Filter>FreeImage\Source Files\Plugins</Filter>
    </ClCompile>
    <ClCompile Include="..\Source\FreeImage\PluginGIF.cpp">
      <Filter>FreeImage\Source Files\Plugins</Filter>
    </ClCompile>
    <ClCompile Include="..\Source\FreeImage\PluginHDR.cpp">
      <Filter>FreeImage\Source Files\Plugins</Filter>
    </ClCompile>
    <ClCompile Include="..\Source\FreeImage\PluginICO.cpp">
      <Filter>FreeImage\Source Files\Plugins</Filter>
    </ClCompile>
    <ClCompile Include="..\Source\FreeImage\PluginIFF.cpp">
      <Filter>FreeImage\Source Files\Plugins</Filter>
    </ClCompile>
    <ClCompile Include="..\Source\FreeImage\PluginJ2K.cpp">
      <Filter>FreeImage\Source Files\Plugins</Filter>
    </ClCompile>
    <ClCompile Include="..\Source\FreeImage\PluginJNG.cpp">
      <Filter>FreeImage\Source Files\Plugins</Filter>
    </ClCompile>
    <ClCompile Include="..\Source\FreeImage\PluginJP2.cpp">
      <Filter>FreeImage\Source Files\Plugins</Filter>
    </ClCompile>
    <ClCompile Include="..\Source\FreeImage\PluginJPEG.cpp">
      <Filter>FreeImage\Source Files\Plugins</Filter>
    </ClCompile>
    <ClCompile Include="..\Source\FreeImage\PluginKOALA.cpp">
      <Filter>FreeImage\Source Files\Plugins</Filter>
    </ClCompile>
    <ClCompile Include="..\Source\FreeImage\PluginMNG.cpp">
      <Filter>FreeImage\Source Files\Plugins</Filter>
    </ClCompile>
    <ClCompile Include="..\Source\FreeImage\PluginPCD.cpp">
      <Filter>FreeImage\Source Files\Plugins</Filter>
    </ClCompile>
    <ClCompile Include="..\Source\FreeImage\PluginPCX.cpp">
      <Filter>FreeImage\Source Files\Plugins</Filter>
    </ClCompile>
    <ClCompile Include="..\Source\FreeImage\PluginPFM.cpp">
      <Filter>FreeImage\Source Files\Plugins</Filter>
    </ClCompile>
    <ClCompile Include="..\Source\FreeImage\PluginPICT.cpp">
      <Filter>FreeImage\Source Files\Plugins</Filter>
    </ClCompile>
    <ClCompile Include="..\Source\FreeImage\PluginPNG.cpp">
      <Filter>FreeImage\Source Files\Plugins</Filter>
    </ClCompile>
    <ClCompile Include="..\Source\FreeImage\PluginPNM.cpp">
      <Filter>FreeImage\Source Files\Plugins</Filter>
    </ClCompile>
    <ClCompile Include="..\Source\FreeImage\PluginPSD.cpp">
      <Filter>FreeImage\Source Files\Plugins</Filter>
    </ClCompile>
    <ClCompile Include="..\Source\FreeImage\PluginRAS.cpp">
      <Filter>FreeImage\Source Files\Plugins</Filter>
    </ClCompile>
    <ClCompile Include="..\Source\FreeImage\PluginSGI.cpp">
      <Filter>FreeImage\Source Files\Plugins</Filter>
    </ClCompile>
    <ClCompile Include="..\Source\FreeImage\PluginTARGA.cpp">
      <Filter>FreeImage\Source Files\Plugins</Filter>
    </ClCompile>
    <ClCompile Include="..\Source\FreeImage\PluginTIFF.cpp">
      <Filter>FreeImage\Source Files\Plugins</Filter>
    </ClCompile>
    <ClCompile Include="..\Source\FreeImage\PluginWBMP.cpp">
      <Filter>FreeImage\Source Files\Plugins</Filter>
    </ClCompile>
    <ClCompile Include="..\Source\FreeImage\PluginWEBP.cpp">
      <Filter>FreeImage\Source Files\Plugins</Filter>
    </ClCompile>
    <ClCompile Include="..\Source\FreeImage\PluginXBM.cpp">
      <Filter>FreeImage\Source Files\Plugins</Filter>
    </ClCompile>
    <ClCompile Include="..\Source\FreeImage\PluginXPM.cpp">
      <Filter>FreeImage\Source Files\Plugins</Filter>
    </ClCompile>
    <ClCompile Include="..\Source\FreeImage\PSDParser.cpp">
      <Filter>FreeImage\Source Files\Plugins</Filter>
    </ClCompile>
    <ClCompile Include="..\Source\FreeImage\TIFFLogLuv.cpp">
      <Filter>FreeImage\Source Files\Plugins</Filter>
    </ClCompile>
    <ClCompile Include="..\Source\FreeImageToolkit\Background.cpp">
      <Filter>FreeImage\Toolkit Files</Filter>
    </ClCompile>
    <ClCompile Include="..\Source\FreeImageToolkit\BSplineRotate.cpp">
      <Filter>FreeImage\Toolkit Files</Filter>
    </ClCompile>
    <ClCompile Include="..\Source\FreeImageToolkit\Channels.cpp">
      <Filter>FreeImage\Toolkit Files</Filter>
    </ClCompile>
    <ClCompile Include="..\Source\FreeImageToolkit\ClassicRotate.cpp">
      <Filter>FreeImage\Toolkit Files</Filter>
    </ClCompile>
    <ClCompile Include="..\Source\FreeImageToolkit\Colors.cpp">
      <Filter>FreeImage\Toolkit Files</Filter>
    </ClCompile>
    <ClCompile Include="..\Source\FreeImageToolkit\CopyPaste.cpp">
      <Filter>FreeImage\Toolkit Files</Filter>
    </ClCompile>
    <ClCompile Include="..\Source\FreeImageToolkit\Display.cpp">
      <Filter>FreeImage\Toolkit Files</Filter>
    </ClCompile>
    <ClCompile Include="..\Source\FreeImageToolkit\JPEGTransform.cpp">
      <Filter>FreeImage\Toolkit Files</Filter>
    </ClCompile>
    <ClCompile Include="..\Source\FreeImageToolkit\MultigridPoissonSolver.cpp">
      <Filter>FreeImage\Toolkit Files</Filter>
    </ClCompile>
    <ClCompile Include="..\Source\FreeImageToolkit\Rescale.cpp">
      <Filter>FreeImage\Toolkit Files</Filter>
    </ClCompile>
    <ClCompile Include="..\Source\FreeImageToolkit\Resize.cpp">
      <Filter>FreeImage\Toolkit Files</Filter>
    </ClCompile>
    <ClCompile Include="..\Source\LibPNG\png.c">
      <Filter>LibPNG\Source Files</Filter>
    </ClCompile>
    <ClCompile Include="..\Source\LibPNG\pngerror.c">
      <Filter>LibPNG\Source Files</Filter>
    </ClCompile>
    <ClCompile Include="..\Source\LibPNG\pngget.c">
      <Filter>LibPNG\Source Files</Filter>
    </ClCompile>
    <ClCompile Include="..\Source\LibPNG\pngmem.c">
      <Filter>LibPNG\Source Files</Filter>
    </ClCompile>
    <ClCompile Include="..\Source\LibPNG\pngpread.c">
      <Filter>LibPNG\Source Files</Filter>
    </ClCompile>
    <ClCompile Include="..\Source\LibPNG\pngread.c">
      <Filter>LibPNG\Source Files</Filter>
    </ClCompile>
    <ClCompile Include="..\Source\LibPNG\pngrio.c">
      <Filter>LibPNG\Source Files</Filter>
    </ClCompile>
    <ClCompile Include="..\Source\LibPNG\pngrtran.c">
      <Filter>LibPNG\Source Files</Filter>
    </ClCompile>
    <ClCompile Include="..\Source\LibPNG\pngrutil.c">
      <Filter>LibPNG\Source Files</Filter>
    </ClCompile>
    <ClCompile Include="..\Source\LibPNG\pngset.c">
      <Filter>LibPNG\Source Files</Filter>
    </ClCompile>
    <ClCompile Include="..\Source\LibPNG\pngtrans.c">
      <Filter>LibPNG\Source Files</Filter>
    </ClCompile>
    <ClCompile Include="..\Source\LibPNG\pngwio.c">
      <Filter>LibPNG\Source Files</Filter>
    </ClCompile>
    <ClCompile Include="..\Source\LibPNG\pngwrite.c">
      <Filter>LibPNG\Source Files</Filter>
    </ClCompile>
    <ClCompile Include="..\Source\LibPNG\pngwtran.c">
      <Filter>LibPNG\Source Files</Filter>
    </ClCompile>
    <ClCompile Include="..\Source\LibPNG\pngwutil.c">
      <Filter>LibPNG\Source Files</Filter>
    </ClCompile>
    <ClCompile Include="..\Source\ZLib\adler32.c">
      <Filter>ZLib\Source Files</Filter>
    </ClCompile>
    <ClCompile Include="..\Source\ZLib\compress.c">
      <Filter>ZLib\Source Files</Filter>
    </ClCompile>
    <ClCompile Include="..\Source\ZLib\crc32.c">
      <Filter>ZLib\Source Files</Filter>
    </ClCompile>
    <ClCompile Include="..\Source\ZLib\deflate.c">
      <Filter>ZLib\Source Files</Filter>
    </ClCompile>
    <ClCompile Include="..\Source\ZLib\gzclose.c">
      <Filter>ZLib\Source Files</Filter>
    </ClCompile>
    <ClCompile Include="..\Source\ZLib\gzlib.c">
      <Filter>ZLib\Source Files</Filter>
    </ClCompile>
    <ClCompile Include="..\Source\ZLib\gzread.c">
      <Filter>ZLib\Source Files</Filter>
    </ClCompile>
    <ClCompile Include="..\Source\ZLib\gzwrite.c">
      <Filter>ZLib\Source Files</Filter>
    </ClCompile>
    <ClCompile Include="..\Source\ZLib\infback.c">
      <Filter>ZLib\Source Files</Filter>
    </ClCompile>
    <ClCompile Include="..\Source\ZLib\inffast.c">
      <Filter>ZLib\Source Files</Filter>
    </ClCompile>
    <ClCompile Include="..\Source\ZLib\inflate.c">
      <Filter>ZLib\Source Files</Filter>
    </ClCompile>
    <ClCompile Include="..\Source\ZLib\inftrees.c">
      <Filter>ZLib\Source Files</Filter>
    </ClCompile>
    <ClCompile Include="..\Source\ZLib\trees.c">
      <Filter>ZLib\Source Files</Filter>
    </ClCompile>
    <ClCompile Include="..\Source\ZLib\uncompr.c">
      <Filter>ZLib\Source Files</Filter>
    </ClCompile>
    <ClCompile Include="..\Source\ZLib\zutil.c">
      <Filter>ZLib\Source Files</Filter>
    </ClCompile>
    <ClCompile Include="..\Source\LibJPEG\jaricom.c">
      <Filter>LibJPEG\Source Files</Filter>
    </ClCompile>
    <ClCompile Include="..\Source\LibJPEG\jcapimin.c">
      <Filter>LibJPEG\Source Files</Filter>
    </ClCompile>
    <ClCompile Include="..\Source\LibJPEG\jcapistd.c">
      <Filter>LibJPEG\Source Files</Filter>
    </ClCompile>
    <ClCompile Include="..\Source\LibJPEG\jcarith.c">
      <Filter>LibJPEG\Source Files</Filter>
    </ClCompile>
    <ClCompile Include="..\Source\LibJPEG\jccoefct.c">
      <Filter>LibJPEG\Source Files</Filter>
    </ClCompile>
    <ClCompile Include="..\Source\LibJPEG\jccolor.c">
      <Filter>LibJPEG\Source Files</Filter>
    </ClCompile>
    <ClCompile Include="..\Source\LibJPEG\jcdctmgr.c">
      <Filter>LibJPEG\Source Files</Filter>
    </ClCompile>
    <ClCompile Include="..\Source\LibJPEG\jchuff.c">
      <Filter>LibJPEG\Source Files</Filter>
    </ClCompile>
    <ClCompile Include="..\Source\LibJPEG\jcinit.c">
      <Filter>LibJPEG\Source Files</Filter>
    </ClCompile>
    <ClCompile Include="..\Source\LibJPEG\jcmainct.c">
      <Filter>LibJPEG\Source Files</Filter>
    </ClCompile>
    <ClCompile Include="..\Source\LibJPEG\jcmarker.c">
      <Filter>LibJPEG\Source Files</Filter>
    </ClCompile>
    <ClCompile Include="..\Source\LibJPEG\jcmaster.c">
      <Filter>LibJPEG\Source Files</Filter>
    </ClCompile>
    <ClCompile Include="..\Source\LibJPEG\jcomapi.c">
      <Filter>LibJPEG\Source Files</Filter>
    </ClCompile>
    <ClCompile Include="..\Source\LibJPEG\jcparam.c">
      <Filter>LibJPEG\Source Files</Filter>
    </ClCompile>
    <ClCompile Include="..\Source\LibJPEG\jcprepct.c">
      <Filter>LibJPEG\Source Files</Filter>
    </ClCompile>
    <ClCompile Include="..\Source\LibJPEG\jcsample.c">
      <Filter>LibJPEG\Source Files</Filter>
    </ClCompile>
    <ClCompile Include="..\Source\LibJPEG\jctrans.c">
      <Filter>LibJPEG\Source Files</Filter>
    </ClCompile>
    <ClCompile Include="..\Source\LibJPEG\jdapimin.c">
      <Filter>LibJPEG\Source Files</Filter>
    </ClCompile>
    <ClCompile Include="..\Source\LibJPEG\jdapistd.c">
      <Filter>LibJPEG\Source Files</Filter>
    </ClCompile>
    <ClCompile Include="..\Source\LibJPEG\jdarith.c">
      <Filter>LibJPEG\Source Files</Filter>
    </ClCompile>
    <ClCompile Include="..\Source\LibJPEG\jdatadst.c">
      <Filter>LibJPEG\Source Files</Filter>
    </ClCompile>
    <ClCompile Include="..\Source\LibJPEG\jdatasrc.c">
      <Filter>LibJPEG\Source Files</Filter>
    </ClCompile>
    <ClCompile Include="..\Source\LibJPEG\jdcoefct.c">
      <Filter>LibJPEG\Source Files</Filter>
    </ClCompile>
    <ClCompile Include="..\Source\LibJPEG\jdcolor.c">
      <Filter>LibJPEG\Source Files</Filter>
    </ClCompile>
    <ClCompile Include="..\Source\LibJPEG\jddctmgr.c">
      <Filter>LibJPEG\Source Files</Filter>
    </ClCompile>
    <ClCompile Include="..\Source\LibJPEG\jdhuff.c">
      <Filter>LibJPEG\Source Files</Filter>
    </ClCompile>
    <ClCompile Include="..\Source\LibJPEG\jdinput.c">
      <Filter>LibJPEG\Source Files</Filter>
    </ClCompile>
    <ClCompile Include="..\Source\LibJPEG\jdmainct.c">
      <Filter>LibJPEG\Source Files</Filter>
    </ClCompile>
    <ClCompile Include="..\Source\LibJPEG\jdmarker.c">
      <Filter>LibJPEG\Source Files</Filter>
    </ClCompile>
    <ClCompile Include="..\Source\LibJPEG\jdmaster.c">
      <Filter>LibJPEG\Source Files</Filter>
    </ClCompile>
    <ClCompile Include="..\Source\LibJPEG\jdmerge.c">
      <Filter>LibJPEG\Source Files</Filter>
    </ClCompile>
    <ClCompile Include="..\Source\LibJPEG\jdpostct.c">
      <Filter>LibJPEG\Source Files</Filter>
    </ClCompile>
    <ClCompile Include="..\Source\LibJPEG\jdsample.c">
      <Filter>LibJPEG\Source Files</Filter>
    </ClCompile>
    <ClCompile Include="..\Source\LibJPEG\jdtrans.c">
      <Filter>LibJPEG\Source Files</Filter>
    </ClCompile>
    <ClCompile Include="..\Source\LibJPEG\jerror.c">
      <Filter>LibJPEG\Source Files</Filter>
    </ClCompile>
    <ClCompile Include="..\Source\LibJPEG\jfdctflt.c">
      <Filter>LibJPEG\Source Files</Filter>
    </ClCompile>
    <ClCompile Include="..\Source\LibJPEG\jfdctfst.c">
      <Filter>LibJPEG\Source Files</Filter>
    </ClCompile>
    <ClCompile Include="..\Source\LibJPEG\jfdctint.c">
      <Filter>LibJPEG\Source Files</Filter>
    </ClCompile>
    <ClCompile Include="..\Source\LibJPEG\jidctflt.c">
      <Filter>LibJPEG\Source Files</Filter>
    </ClCompile>
    <ClCompile Include="..\Source\LibJPEG\jidctfst.c">
      <Filter>LibJPEG\Source Files</Filter>
    </ClCompile>
    <ClCompile Include="..\Source\LibJPEG\jidctint.c">
      <Filter>LibJPEG\Source Files</Filter>
    </ClCompile>
    <ClCompile Include="..\Source\LibJPEG\jmemmgr.c">
      <Filter>LibJPEG\Source Files</Filter>
    </ClCompile>
    <ClCompile Include="..\Source\LibJPEG\jmemnobs.c">
      <Filter>LibJPEG\Source Files</Filter>
    </ClCompile>
    <ClCompile Include="..\Source\LibJPEG\jquant1.c">
      <Filter>LibJPEG\Source Files</Filter>
    </ClCompile>
    <ClCompile Include="..\Source\LibJPEG\jquant2.c">
      <Filter>LibJPEG\Source Files</Filter>
    </ClCompile>
    <ClCompile Include="..\Source\LibJPEG\jutils.c">
      <Filter>LibJPEG\Source Files</Filter>
    </ClCompile>
    <ClCompile Include="..\Source\LibJPEG\transupp.c">
      <Filter>LibJPEG\Source Files</Filter>
    </ClCompile>
    <ClCompile Include="..\Source\LibOpenJPEG\bio.c">
      <Filter>LibOpenJPEG\Source Files</Filter>
    </ClCompile>
    <ClCompile Include="..\Source\LibOpenJPEG\cidx_manager.c">
      <Filter>LibOpenJPEG\Source Files</Filter>
    </ClCompile>
    <ClCompile Include="..\Source\LibOpenJPEG\cio.c">
      <Filter>LibOpenJPEG\Source Files</Filter>
    </ClCompile>
    <ClCompile Include="..\Source\LibOpenJPEG\dwt.c">
      <Filter>LibOpenJPEG\Source Files</Filter>
    </ClCompile>
    <ClCompile Include="..\Source\LibOpenJPEG\event.c">
      <Filter>LibOpenJPEG\Source Files</Filter>
    </ClCompile>
    <ClCompile Include="..\Source\LibOpenJPEG\image.c">
      <Filter>LibOpenJPEG\Source Files</Filter>
    </ClCompile>
    <ClCompile Include="..\Source\LibOpenJPEG\j2k.c">
      <Filter>LibOpenJPEG\Source Files</Filter>
    </ClCompile>
    <ClCompile Include="..\Source\LibOpenJPEG\j2k_lib.c">
      <Filter>LibOpenJPEG\Source Files</Filter>
    </ClCompile>
    <ClCompile Include="..\Source\LibOpenJPEG\jp2.c">
      <Filter>LibOpenJPEG\Source Files</Filter>
    </ClCompile>
    <ClCompile Include="..\Source\LibOpenJPEG\jpt.c">
      <Filter>LibOpenJPEG\Source Files</Filter>
    </ClCompile>
    <ClCompile Include="..\Source\LibOpenJPEG\mct.c">
      <Filter>LibOpenJPEG\Source Files</Filter>
    </ClCompile>
    <ClCompile Include="..\Source\LibOpenJPEG\mqc.c">
      <Filter>LibOpenJPEG\Source Files</Filter>
    </ClCompile>
    <ClCompile Include="..\Source\LibOpenJPEG\openjpeg.c">
      <Filter>LibOpenJPEG\Source Files</Filter>
    </ClCompile>
    <ClCompile Include="..\Source\LibOpenJPEG\phix_manager.c">
      <Filter>LibOpenJPEG\Source Files</Filter>
    </ClCompile>
    <ClCompile Include="..\Source\LibOpenJPEG\pi.c">
      <Filter>LibOpenJPEG\Source Files</Filter>
    </ClCompile>
    <ClCompile Include="..\Source\LibOpenJPEG\ppix_manager.c">
      <Filter>LibOpenJPEG\Source Files</Filter>
    </ClCompile>
    <ClCompile Include="..\Source\LibOpenJPEG\raw.c">
      <Filter>LibOpenJPEG\Source Files</Filter>
    </ClCompile>
    <ClCompile Include="..\Source\LibOpenJPEG\t1.c">
      <Filter>LibOpenJPEG\Source Files</Filter>
    </ClCompile>
    <ClCompile Include="..\Source\LibOpenJPEG\t2.c">
      <Filter>LibOpenJPEG\Source Files</Filter>
    </ClCompile>
    <ClCompile Include="..\Source\LibOpenJPEG\tcd.c">
      <Filter>LibOpenJPEG\Source Files</Filter>
    </ClCompile>
    <ClCompile Include="..\Source\LibOpenJPEG\tgt.c">
      <Filter>LibOpenJPEG\Source Files</Filter>
    </ClCompile>
    <ClCompile Include="..\Source\LibOpenJPEG\thix_manager.c">
      <Filter>LibOpenJPEG\Source Files</Filter>
    </ClCompile>
    <ClCompile Include="..\Source\LibOpenJPEG\tpix_manager.c">
      <Filter>LibOpenJPEG\Source Files</Filter>
    </ClCompile>
    <ClCompile Include="..\..\..\webp\src\dec\alpha.c">
      <Filter>LibWEBP\dec</Filter>
    </ClCompile>
    <ClCompile Include="..\..\..\webp\src\dec\buffer.c">
      <Filter>LibWEBP\dec</Filter>
    </ClCompile>
    <ClCompile Include="..\..\..\webp\src\dec\frame.c">
      <Filter>LibWEBP\dec</Filter>
    </ClCompile>
    <ClCompile Include="..\..\..\webp\src\dec\idec.c">
      <Filter>LibWEBP\dec</Filter>
    </ClCompile>
    <ClCompile Include="..\..\..\webp\src\dec\io.c">
      <Filter>LibWEBP\dec</Filter>
    </ClCompile>
    <ClCompile Include="..\..\..\webp\src\dec\layer.c">
      <Filter>LibWEBP\dec</Filter>
    </ClCompile>
    <ClCompile Include="..\..\..\webp\src\dec\quant.c">
      <Filter>LibWEBP\dec</Filter>
    </ClCompile>
    <ClCompile Include="..\..\..\webp\src\dec\tree.c">
      <Filter>LibWEBP\dec</Filter>
    </ClCompile>
    <ClCompile Include="..\..\..\webp\src\dec\vp8.c">
      <Filter>LibWEBP\dec</Filter>
    </ClCompile>
    <ClCompile Include="..\..\..\webp\src\dec\vp8l.c">
      <Filter>LibWEBP\dec</Filter>
    </ClCompile>
    <ClCompile Include="..\..\..\webp\src\dec\webp.c">
      <Filter>LibWEBP\dec</Filter>
    </ClCompile>
    <ClCompile Include="..\..\..\webp\src\dsp\cpu.c">
      <Filter>LibWEBP\dsp</Filter>
    </ClCompile>
    <ClCompile Include="..\..\..\webp\src\dsp\dec.c">
      <Filter>LibWEBP\dsp</Filter>
    </ClCompile>
    <ClCompile Include="..\..\..\webp\src\dsp\dec_neon.c">
      <Filter>LibWEBP\dsp</Filter>
    </ClCompile>
    <ClCompile Include="..\..\..\webp\src\dsp\dec_sse2.c">
      <Filter>LibWEBP\dsp</Filter>
    </ClCompile>
    <ClCompile Include="..\..\..\webp\src\dsp\enc.c">
      <Filter>LibWEBP\dsp</Filter>
    </ClCompile>
    <ClCompile Include="..\..\..\webp\src\dsp\enc_sse2.c">
      <Filter>LibWEBP\dsp</Filter>
    </ClCompile>
    <ClCompile Include="..\..\..\webp\src\dsp\lossless.c">
      <Filter>LibWEBP\dsp</Filter>
    </ClCompile>
    <ClCompile Include="..\..\..\webp\src\dsp\upsampling.c">
      <Filter>LibWEBP\dsp</Filter>
    </ClCompile>
    <ClCompile Include="..\..\..\webp\src\dsp\upsampling_sse2.c">
      <Filter>LibWEBP\dsp</Filter>
    </ClCompile>
    <ClCompile Include="..\..\..\webp\src\dsp\yuv.c">
      <Filter>LibWEBP\dsp</Filter>
    </ClCompile>
    <ClCompile Include="..\..\..\webp\src\enc\alpha.c">
      <Filter>LibWEBP\enc</Filter>
    </ClCompile>
    <ClCompile Include="..\..\..\webp\src\enc\analysis.c">
      <Filter>LibWEBP\enc</Filter>
    </ClCompile>
    <ClCompile Include="..\..\..\webp\src\enc\backward_references.c">
      <Filter>LibWEBP\enc</Filter>
    </ClCompile>
    <ClCompile Include="..\..\..\webp\src\enc\config.c">
      <Filter>LibWEBP\enc</Filter>
    </ClCompile>
    <ClCompile Include="..\..\..\webp\src\enc\cost.c">
      <Filter>LibWEBP\enc</Filter>
    </ClCompile>
    <ClCompile Include="..\..\..\webp\src\enc\filter.c">
      <Filter>LibWEBP\enc</Filter>
    </ClCompile>
    <ClCompile Include="..\..\..\webp\src\enc\frame.c">
      <Filter>LibWEBP\enc</Filter>
    </ClCompile>
    <ClCompile Include="..\..\..\webp\src\enc\histogram.c">
      <Filter>LibWEBP\enc</Filter>
    </ClCompile>
    <ClCompile Include="..\..\..\webp\src\enc\iterator.c">
      <Filter>LibWEBP\enc</Filter>
    </ClCompile>
    <ClCompile Include="..\..\..\webp\src\enc\layer.c">
      <Filter>LibWEBP\enc</Filter>
    </ClCompile>
    <ClCompile Include="..\..\..\webp\src\enc\picture.c">
      <Filter>LibWEBP\enc</Filter>
    </ClCompile>
    <ClCompile Include="..\..\..\webp\src\enc\quant.c">
      <Filter>LibWEBP\enc</Filter>
    </ClCompile>
    <ClCompile Include="..\..\..\webp\src\enc\syntax.c">
      <Filter>LibWEBP\enc</Filter>
    </ClCompile>
    <ClCompile Include="..\..\..\webp\src\enc\tree.c">
      <Filter>LibWEBP\enc</Filter>
    </ClCompile>
    <ClCompile Include="..\..\..\webp\src\enc\vp8l.c">
      <Filter>LibWEBP\enc</Filter>
    </ClCompile>
    <ClCompile Include="..\..\..\webp\src\enc\webpenc.c">
      <Filter>LibWEBP\enc</Filter>
    </ClCompile>
    <ClCompile Include="..\..\..\webp\src\mux\demux.c">
      <Filter>LibWEBP\mux</Filter>
    </ClCompile>
    <ClCompile Include="..\..\..\webp\src\mux\muxedit.c">
      <Filter>LibWEBP\mux</Filter>
    </ClCompile>
    <ClCompile Include="..\..\..\webp\src\mux\muxinternal.c">
      <Filter>LibWEBP\mux</Filter>
    </ClCompile>
    <ClCompile Include="..\..\..\webp\src\mux\muxread.c">
      <Filter>LibWEBP\mux</Filter>
    </ClCompile>
    <ClCompile Include="..\..\..\webp\src\utils\bit_reader.c">
      <Filter>LibWEBP\utils</Filter>
    </ClCompile>
    <ClCompile Include="..\..\..\webp\src\utils\bit_writer.c">
      <Filter>LibWEBP\utils</Filter>
    </ClCompile>
    <ClCompile Include="..\..\..\webp\src\utils\color_cache.c">
      <Filter>LibWEBP\utils</Filter>
    </ClCompile>
    <ClCompile Include="..\..\..\webp\src\utils\filters.c">
      <Filter>LibWEBP\utils</Filter>
    </ClCompile>
    <ClCompile Include="..\..\..\webp\src\utils\huffman.c">
      <Filter>LibWEBP\utils</Filter>
    </ClCompile>
    <ClCompile Include="..\..\..\webp\src\utils\huffman_encode.c">
      <Filter>LibWEBP\utils</Filter>
    </ClCompile>
    <ClCompile Include="..\..\..\webp\src\utils\quant_levels.c">
      <Filter>LibWEBP\utils</Filter>
    </ClCompile>
    <ClCompile Include="..\..\..\webp\src\utils\rescaler.c">
      <Filter>LibWEBP\utils</Filter>
    </ClCompile>
    <ClCompile Include="..\..\..\webp\src\utils\thread.c">
      <Filter>LibWEBP\utils</Filter>
    </ClCompile>
    <ClCompile Include="..\..\..\webp\src\utils\utils.c">
      <Filter>LibWEBP\utils</Filter>
    </ClCompile>
    <ClCompile Include="..\Source\FreeImageToolkit\FlipFI.cpp">
      <Filter>FreeImage\Toolkit Files</Filter>
    </ClCompile>
    <ClCompile Include="..\Source\FreeImage\PluginPVR.cpp">
      <Filter>FreeImage\Source Files\Plugins</Filter>
    </ClCompile>
  </ItemGroup>
  <ItemGroup>
    <ClInclude Include="freeimage_metro.h" />
    <ClInclude Include="targetver.h" />
    <ClInclude Include="..\Source\CacheFile.h">
      <Filter>FreeImage\Header Files</Filter>
    </ClInclude>
    <ClInclude Include="..\Source\FreeImage.h">
      <Filter>FreeImage\Header Files</Filter>
    </ClInclude>
    <ClInclude Include="..\Source\FreeImageIO.h">
      <Filter>FreeImage\Header Files</Filter>
    </ClInclude>
    <ClInclude Include="..\Source\Plugin.h">
      <Filter>FreeImage\Header Files</Filter>
    </ClInclude>
    <ClInclude Include="..\Source\Quantizers.h">
      <Filter>FreeImage\Header Files</Filter>
    </ClInclude>
    <ClInclude Include="..\Source\ToneMapping.h">
      <Filter>FreeImage\Header Files</Filter>
    </ClInclude>
    <ClInclude Include="..\Source\Utilities.h">
      <Filter>FreeImage\Header Files</Filter>
    </ClInclude>
    <ClInclude Include="..\Source\DeprecationManager\DeprecationMgr.h">
      <Filter>FreeImage\Header Files</Filter>
    </ClInclude>
    <ClInclude Include="..\Source\FreeImage\PSDParser.h">
      <Filter>FreeImage\Header Files</Filter>
    </ClInclude>
    <ClInclude Include="..\Source\Metadata\FIRational.h">
      <Filter>FreeImage\Header Files</Filter>
    </ClInclude>
    <ClInclude Include="..\Source\Metadata\FreeImageTag.h">
      <Filter>FreeImage\Header Files</Filter>
    </ClInclude>
    <ClInclude Include="..\Source\FreeImageToolkit\Resize.h">
      <Filter>FreeImage\Toolkit Files</Filter>
    </ClInclude>
    <ClInclude Include="..\Source\LibPNG\png.h">
      <Filter>LibPNG\Header Files</Filter>
    </ClInclude>
    <ClInclude Include="..\Source\LibPNG\pngconf.h">
      <Filter>LibPNG\Header Files</Filter>
    </ClInclude>
    <ClInclude Include="..\Source\LibPNG\pngdebug.h">
      <Filter>LibPNG\Header Files</Filter>
    </ClInclude>
    <ClInclude Include="..\Source\LibPNG\pnginfo.h">
      <Filter>LibPNG\Header Files</Filter>
    </ClInclude>
    <ClInclude Include="..\Source\LibPNG\pnglibconf.h">
      <Filter>LibPNG\Header Files</Filter>
    </ClInclude>
    <ClInclude Include="..\Source\LibPNG\pngpriv.h">
      <Filter>LibPNG\Header Files</Filter>
    </ClInclude>
    <ClInclude Include="..\Source\LibPNG\pngstruct.h">
      <Filter>LibPNG\Header Files</Filter>
    </ClInclude>
    <ClInclude Include="..\Source\ZLib\crc32.h">
      <Filter>ZLib\Header Files</Filter>
    </ClInclude>
    <ClInclude Include="..\Source\ZLib\deflate.h">
      <Filter>ZLib\Header Files</Filter>
    </ClInclude>
    <ClInclude Include="..\Source\ZLib\gzguts.h">
      <Filter>ZLib\Header Files</Filter>
    </ClInclude>
    <ClInclude Include="..\Source\ZLib\inffast.h">
      <Filter>ZLib\Header Files</Filter>
    </ClInclude>
    <ClInclude Include="..\Source\ZLib\inffixed.h">
      <Filter>ZLib\Header Files</Filter>
    </ClInclude>
    <ClInclude Include="..\Source\ZLib\inflate.h">
      <Filter>ZLib\Header Files</Filter>
    </ClInclude>
    <ClInclude Include="..\Source\ZLib\inftrees.h">
      <Filter>ZLib\Header Files</Filter>
    </ClInclude>
    <ClInclude Include="..\Source\ZLib\trees.h">
      <Filter>ZLib\Header Files</Filter>
    </ClInclude>
    <ClInclude Include="..\Source\ZLib\zconf.h">
      <Filter>ZLib\Header Files</Filter>
    </ClInclude>
    <ClInclude Include="..\Source\ZLib\zlib.h">
      <Filter>ZLib\Header Files</Filter>
    </ClInclude>
    <ClInclude Include="..\Source\ZLib\zutil.h">
      <Filter>ZLib\Header Files</Filter>
    </ClInclude>
    <ClInclude Include="..\Source\LibJPEG\jconfig.h">
      <Filter>LibJPEG\Header Files</Filter>
    </ClInclude>
    <ClInclude Include="..\Source\LibJPEG\jdct.h">
      <Filter>LibJPEG\Header Files</Filter>
    </ClInclude>
    <ClInclude Include="..\Source\LibJPEG\jerror.h">
      <Filter>LibJPEG\Header Files</Filter>
    </ClInclude>
    <ClInclude Include="..\Source\LibJPEG\jinclude.h">
      <Filter>LibJPEG\Header Files</Filter>
    </ClInclude>
    <ClInclude Include="..\Source\LibJPEG\jmemsys.h">
      <Filter>LibJPEG\Header Files</Filter>
    </ClInclude>
    <ClInclude Include="..\Source\LibJPEG\jmorecfg.h">
      <Filter>LibJPEG\Header Files</Filter>
    </ClInclude>
    <ClInclude Include="..\Source\LibJPEG\jpegint.h">
      <Filter>LibJPEG\Header Files</Filter>
    </ClInclude>
    <ClInclude Include="..\Source\LibJPEG\jpeglib.h">
      <Filter>LibJPEG\Header Files</Filter>
    </ClInclude>
    <ClInclude Include="..\Source\LibJPEG\jversion.h">
      <Filter>LibJPEG\Header Files</Filter>
    </ClInclude>
    <ClInclude Include="..\Source\LibJPEG\transupp.h">
      <Filter>LibJPEG\Header Files</Filter>
    </ClInclude>
    <ClInclude Include="..\Source\LibOpenJPEG\bio.h">
      <Filter>LibOpenJPEG\Header Files</Filter>
    </ClInclude>
    <ClInclude Include="..\Source\LibOpenJPEG\cidx_manager.h">
      <Filter>LibOpenJPEG\Header Files</Filter>
    </ClInclude>
    <ClInclude Include="..\Source\LibOpenJPEG\cio.h">
      <Filter>LibOpenJPEG\Header Files</Filter>
    </ClInclude>
    <ClInclude Include="..\Source\LibOpenJPEG\dwt.h">
      <Filter>LibOpenJPEG\Header Files</Filter>
    </ClInclude>
    <ClInclude Include="..\Source\LibOpenJPEG\event.h">
      <Filter>LibOpenJPEG\Header Files</Filter>
    </ClInclude>
    <ClInclude Include="..\Source\LibOpenJPEG\fix.h">
      <Filter>LibOpenJPEG\Header Files</Filter>
    </ClInclude>
    <ClInclude Include="..\Source\LibOpenJPEG\image.h">
      <Filter>LibOpenJPEG\Header Files</Filter>
    </ClInclude>
    <ClInclude Include="..\Source\LibOpenJPEG\indexbox_manager.h">
      <Filter>LibOpenJPEG\Header Files</Filter>
    </ClInclude>
    <ClInclude Include="..\Source\LibOpenJPEG\int.h">
      <Filter>LibOpenJPEG\Header Files</Filter>
    </ClInclude>
    <ClInclude Include="..\Source\LibOpenJPEG\j2k.h">
      <Filter>LibOpenJPEG\Header Files</Filter>
    </ClInclude>
    <ClInclude Include="..\Source\LibOpenJPEG\j2k_lib.h">
      <Filter>LibOpenJPEG\Header Files</Filter>
    </ClInclude>
    <ClInclude Include="..\Source\LibOpenJPEG\jp2.h">
      <Filter>LibOpenJPEG\Header Files</Filter>
    </ClInclude>
    <ClInclude Include="..\Source\LibOpenJPEG\jpt.h">
      <Filter>LibOpenJPEG\Header Files</Filter>
    </ClInclude>
    <ClInclude Include="..\Source\LibOpenJPEG\mct.h">
      <Filter>LibOpenJPEG\Header Files</Filter>
    </ClInclude>
    <ClInclude Include="..\Source\LibOpenJPEG\mqc.h">
      <Filter>LibOpenJPEG\Header Files</Filter>
    </ClInclude>
    <ClInclude Include="..\Source\LibOpenJPEG\openjpeg.h">
      <Filter>LibOpenJPEG\Header Files</Filter>
    </ClInclude>
    <ClInclude Include="..\Source\LibOpenJPEG\opj_config.h">
      <Filter>LibOpenJPEG\Header Files</Filter>
    </ClInclude>
    <ClInclude Include="..\Source\LibOpenJPEG\opj_includes.h">
      <Filter>LibOpenJPEG\Header Files</Filter>
    </ClInclude>
    <ClInclude Include="..\Source\LibOpenJPEG\opj_malloc.h">
      <Filter>LibOpenJPEG\Header Files</Filter>
    </ClInclude>
    <ClInclude Include="..\Source\LibOpenJPEG\pi.h">
      <Filter>LibOpenJPEG\Header Files</Filter>
    </ClInclude>
    <ClInclude Include="..\Source\LibOpenJPEG\raw.h">
      <Filter>LibOpenJPEG\Header Files</Filter>
    </ClInclude>
    <ClInclude Include="..\Source\LibOpenJPEG\t1.h">
      <Filter>LibOpenJPEG\Header Files</Filter>
    </ClInclude>
    <ClInclude Include="..\Source\LibOpenJPEG\t1_luts.h">
      <Filter>LibOpenJPEG\Header Files</Filter>
    </ClInclude>
    <ClInclude Include="..\Source\LibOpenJPEG\t2.h">
      <Filter>LibOpenJPEG\Header Files</Filter>
    </ClInclude>
    <ClInclude Include="..\Source\LibOpenJPEG\tcd.h">
      <Filter>LibOpenJPEG\Header Files</Filter>
    </ClInclude>
    <ClInclude Include="..\Source\LibOpenJPEG\tgt.h">
      <Filter>LibOpenJPEG\Header Files</Filter>
    </ClInclude>
    <ClInclude Include="..\..\..\webp\src\dec\decode_vp8.h">
      <Filter>LibWEBP\dec</Filter>
    </ClInclude>
    <ClInclude Include="..\..\..\webp\src\dec\vp8i.h">
      <Filter>LibWEBP\dec</Filter>
    </ClInclude>
    <ClInclude Include="..\..\..\webp\src\dec\vp8li.h">
      <Filter>LibWEBP\dec</Filter>
    </ClInclude>
    <ClInclude Include="..\..\..\webp\src\dec\webpi.h">
      <Filter>LibWEBP\dec</Filter>
    </ClInclude>
    <ClInclude Include="..\..\..\webp\src\dsp\dsp.h">
      <Filter>LibWEBP\dsp</Filter>
    </ClInclude>
    <ClInclude Include="..\..\..\webp\src\dsp\lossless.h">
      <Filter>LibWEBP\dsp</Filter>
    </ClInclude>
    <ClInclude Include="..\..\..\webp\src\dsp\yuv.h">
      <Filter>LibWEBP\dsp</Filter>
    </ClInclude>
    <ClInclude Include="..\..\..\webp\src\enc\backward_references.h">
      <Filter>LibWEBP\enc</Filter>
    </ClInclude>
    <ClInclude Include="..\..\..\webp\src\enc\cost.h">
      <Filter>LibWEBP\enc</Filter>
    </ClInclude>
    <ClInclude Include="..\..\..\webp\src\enc\histogram.h">
      <Filter>LibWEBP\enc</Filter>
    </ClInclude>
    <ClInclude Include="..\..\..\webp\src\enc\vp8enci.h">
      <Filter>LibWEBP\enc</Filter>
    </ClInclude>
    <ClInclude Include="..\..\..\webp\src\enc\vp8li.h">
      <Filter>LibWEBP\enc</Filter>
    </ClInclude>
    <ClInclude Include="..\..\..\webp\src\mux\muxi.h">
      <Filter>LibWEBP\mux</Filter>
    </ClInclude>
    <ClInclude Include="..\..\..\webp\src\utils\bit_reader.h">
      <Filter>LibWEBP\utils</Filter>
    </ClInclude>
    <ClInclude Include="..\..\..\webp\src\utils\bit_writer.h">
      <Filter>LibWEBP\utils</Filter>
    </ClInclude>
    <ClInclude Include="..\..\..\webp\src\utils\color_cache.h">
      <Filter>LibWEBP\utils</Filter>
    </ClInclude>
    <ClInclude Include="..\..\..\webp\src\utils\filters.h">
      <Filter>LibWEBP\utils</Filter>
    </ClInclude>
    <ClInclude Include="..\..\..\webp\src\utils\huffman.h">
      <Filter>LibWEBP\utils</Filter>
    </ClInclude>
    <ClInclude Include="..\..\..\webp\src\utils\huffman_encode.h">
      <Filter>LibWEBP\utils</Filter>
    </ClInclude>
    <ClInclude Include="..\..\..\webp\src\utils\quant_levels.h">
      <Filter>LibWEBP\utils</Filter>
    </ClInclude>
    <ClInclude Include="..\..\..\webp\src\utils\rescaler.h">
      <Filter>LibWEBP\utils</Filter>
    </ClInclude>
    <ClInclude Include="..\..\..\webp\src\utils\thread.h">
      <Filter>LibWEBP\utils</Filter>
    </ClInclude>
    <ClInclude Include="..\..\..\webp\src\utils\utils.h">
      <Filter>LibWEBP\utils</Filter>
    </ClInclude>
    <ClInclude Include="..\..\..\webp\src\webp\decode.h">
      <Filter>LibWEBP\webp</Filter>
    </ClInclude>
    <ClInclude Include="..\..\..\webp\src\webp\encode.h">
      <Filter>LibWEBP\webp</Filter>
    </ClInclude>
    <ClInclude Include="..\..\..\webp\src\webp\format_constants.h">
      <Filter>LibWEBP\webp</Filter>
    </ClInclude>
    <ClInclude Include="..\..\..\webp\src\webp\mux.h">
      <Filter>LibWEBP\webp</Filter>
    </ClInclude>
    <ClInclude Include="..\..\..\webp\src\webp\types.h">
      <Filter>LibWEBP\webp</Filter>
    </ClInclude>
  </ItemGroup>
</Project>